// !$*UTF8*$!
{
	archiveVersion = 1;
	classes = {
	};
	objectVersion = 46;
	objects = {

/* Begin PBXBuildFile section */
		BA02CD6E251C6B6F00B93830 /* AppDelegate.swift in Sources */ = {isa = PBXBuildFile; fileRef = BA02CD6D251C6B6F00B93830 /* AppDelegate.swift */; };
		BA02CDAD251C6E2A00B93830 /* HomeCell.swift in Sources */ = {isa = PBXBuildFile; fileRef = BA02CD72251C6E2A00B93830 /* HomeCell.swift */; };
		BA02CDAE251C6E2A00B93830 /* ReplyCell.swift in Sources */ = {isa = PBXBuildFile; fileRef = BA02CD73251C6E2A00B93830 /* ReplyCell.swift */; };
		BA02CDAF251C6E2A00B93830 /* PlayVModel.swift in Sources */ = {isa = PBXBuildFile; fileRef = BA02CD75251C6E2A00B93830 /* PlayVModel.swift */; };
		BA02CDB0251C6E2A00B93830 /* HomeVModel.swift in Sources */ = {isa = PBXBuildFile; fileRef = BA02CD76251C6E2A00B93830 /* HomeVModel.swift */; };
		BA02CDB1251C6E2A00B93830 /* HLSViewController.swift in Sources */ = {isa = PBXBuildFile; fileRef = BA02CD78251C6E2A00B93830 /* HLSViewController.swift */; };
		BA02CDB2251C6E2A00B93830 /* HomeViewController.swift in Sources */ = {isa = PBXBuildFile; fileRef = BA02CD79251C6E2A00B93830 /* HomeViewController.swift */; };
		BA02CDB3251C6E2A00B93830 /* PlayViewController.swift in Sources */ = {isa = PBXBuildFile; fileRef = BA02CD7A251C6E2A00B93830 /* PlayViewController.swift */; };
		BA02CDB5251C6E2A00B93830 /* VideoModel.swift in Sources */ = {isa = PBXBuildFile; fileRef = BA02CD7D251C6E2A00B93830 /* VideoModel.swift */; };
		BA02CDB6251C6E2A00B93830 /* ReplyModel.swift in Sources */ = {isa = PBXBuildFile; fileRef = BA02CD7E251C6E2A00B93830 /* ReplyModel.swift */; };
		BA02CDB8251C6E2A00B93830 /* MyCell.swift in Sources */ = {isa = PBXBuildFile; fileRef = BA02CD84251C6E2A00B93830 /* MyCell.swift */; };
		BA02CDB9251C6E2A00B93830 /* MyCollectCell.swift in Sources */ = {isa = PBXBuildFile; fileRef = BA02CD85251C6E2A00B93830 /* MyCollectCell.swift */; };
		BA02CDBA251C6E2A00B93830 /* MyInfoCell.swift in Sources */ = {isa = PBXBuildFile; fileRef = BA02CD86251C6E2A00B93830 /* MyInfoCell.swift */; };
		BA02CDBB251C6E2A00B93830 /* GlassEffectView.swift in Sources */ = {isa = PBXBuildFile; fileRef = BA02CD87251C6E2A00B93830 /* GlassEffectView.swift */; };
		BA02CDBC251C6E2A00B93830 /* HistoryCell.swift in Sources */ = {isa = PBXBuildFile; fileRef = BA02CD88251C6E2A00B93830 /* HistoryCell.swift */; };
		BA02CDBD251C6E2A00B93830 /* InfoVModel.swift in Sources */ = {isa = PBXBuildFile; fileRef = BA02CD8A251C6E2A00B93830 /* InfoVModel.swift */; };
		BA02CDBE251C6E2A00B93830 /* SettingVModel.swift in Sources */ = {isa = PBXBuildFile; fileRef = BA02CD8B251C6E2A00B93830 /* SettingVModel.swift */; };
		BA02CDBF251C6E2A00B93830 /* HisAColVModel.swift in Sources */ = {isa = PBXBuildFile; fileRef = BA02CD8C251C6E2A00B93830 /* HisAColVModel.swift */; };
		BA02CDC0251C6E2A00B93830 /* ModifyInfoVModel.swift in Sources */ = {isa = PBXBuildFile; fileRef = BA02CD8D251C6E2A00B93830 /* ModifyInfoVModel.swift */; };
		BA02CDC1251C6E2A00B93830 /* MyVModel.swift in Sources */ = {isa = PBXBuildFile; fileRef = BA02CD8E251C6E2A00B93830 /* MyVModel.swift */; };
		BA02CDC2251C6E2A00B93830 /* SettingViewController.swift in Sources */ = {isa = PBXBuildFile; fileRef = BA02CD90251C6E2A00B93830 /* SettingViewController.swift */; };
		BA02CDC3251C6E2A00B93830 /* ModifyInfoViewController.swift in Sources */ = {isa = PBXBuildFile; fileRef = BA02CD91251C6E2A00B93830 /* ModifyInfoViewController.swift */; };
		BA02CDC4251C6E2A00B93830 /* InformationViewController.swift in Sources */ = {isa = PBXBuildFile; fileRef = BA02CD92251C6E2A00B93830 /* InformationViewController.swift */; };
		BA02CDC5251C6E2A00B93830 /* MyViewController.swift in Sources */ = {isa = PBXBuildFile; fileRef = BA02CD93251C6E2A00B93830 /* MyViewController.swift */; };
		BA02CDC6251C6E2A00B93830 /* MyCollectViewController.swift in Sources */ = {isa = PBXBuildFile; fileRef = BA02CD94251C6E2A00B93830 /* MyCollectViewController.swift */; };
		BA02CDC7251C6E2A00B93830 /* HistoryViewController.swift in Sources */ = {isa = PBXBuildFile; fileRef = BA02CD95251C6E2A00B93830 /* HistoryViewController.swift */; };
		BA02CDC8251C6E2A00B93830 /* AboutOurViewController.swift in Sources */ = {isa = PBXBuildFile; fileRef = BA02CD96251C6E2A00B93830 /* AboutOurViewController.swift */; };
		BA02CDC9251C6E2A00B93830 /* HisAColModel.swift in Sources */ = {isa = PBXBuildFile; fileRef = BA02CD98251C6E2A00B93830 /* HisAColModel.swift */; };
		BA02CDCA251C6E2A00B93830 /* MyInfoModel.swift in Sources */ = {isa = PBXBuildFile; fileRef = BA02CD99251C6E2A00B93830 /* MyInfoModel.swift */; };
		BA02CDCB251C6E2A00B93830 /* RootViewController.swift in Sources */ = {isa = PBXBuildFile; fileRef = BA02CD9C251C6E2A00B93830 /* RootViewController.swift */; };
		BA02CDCC251C6E2A00B93830 /* CategoriesCell.swift in Sources */ = {isa = PBXBuildFile; fileRef = BA02CD9F251C6E2A00B93830 /* CategoriesCell.swift */; };
		BA02CDCD251C6E2A00B93830 /* CategoriesVModel.swift in Sources */ = {isa = PBXBuildFile; fileRef = BA02CDA1251C6E2A00B93830 /* CategoriesVModel.swift */; };
		BA02CDCE251C6E2A00B93830 /* CatgrListVModel.swift in Sources */ = {isa = PBXBuildFile; fileRef = BA02CDA2251C6E2A00B93830 /* CatgrListVModel.swift */; };
		BA02CDCF251C6E2A00B93830 /* CategoriesViewController.swift in Sources */ = {isa = PBXBuildFile; fileRef = BA02CDA4251C6E2A00B93830 /* CategoriesViewController.swift */; };
		BA02CDD0251C6E2A00B93830 /* CategoriesListViewController.swift in Sources */ = {isa = PBXBuildFile; fileRef = BA02CDA5251C6E2A00B93830 /* CategoriesListViewController.swift */; };
		BA02CDD1251C6E2A00B93830 /* CategoriesModel.swift in Sources */ = {isa = PBXBuildFile; fileRef = BA02CDA7251C6E2A00B93830 /* CategoriesModel.swift */; };
		BA02CDD2251C6E2A00B93830 /* LoginVModel.swift in Sources */ = {isa = PBXBuildFile; fileRef = BA02CDAA251C6E2A00B93830 /* LoginVModel.swift */; };
		BA02CDD3251C6E2A00B93830 /* LoginViewController.swift in Sources */ = {isa = PBXBuildFile; fileRef = BA02CDAC251C6E2A00B93830 /* LoginViewController.swift */; };
		BA0764601F9853B5008D93AC /* ActionSheetCell.swift in Sources */ = {isa = PBXBuildFile; fileRef = BA07645C1F98518C008D93AC /* ActionSheetCell.swift */; };
		BA0764611F9853B5008D93AC /* ActionSheetConfig.swift in Sources */ = {isa = PBXBuildFile; fileRef = BA07645D1F98518C008D93AC /* ActionSheetConfig.swift */; };
		BA0764621F9853B5008D93AC /* ActionSheetView.swift in Sources */ = {isa = PBXBuildFile; fileRef = BA07645E1F98518C008D93AC /* ActionSheetView.swift */; };
		BA0764631F9853B5008D93AC /* CWActionSheet.h in Sources */ = {isa = PBXBuildFile; fileRef = BA07645F1F98518C008D93AC /* CWActionSheet.h */; };
		BA07EF41251C7FDA00EE5C2C /* UITableView+Extension.swift in Sources */ = {isa = PBXBuildFile; fileRef = BA07EF40251C7FDA00EE5C2C /* UITableView+Extension.swift */; };
		BA07EF45251C83AD00EE5C2C /* LaunchScreen.storyboard in Resources */ = {isa = PBXBuildFile; fileRef = BA07EF43251C83AD00EE5C2C /* LaunchScreen.storyboard */; };
		BA07EF46251C83AD00EE5C2C /* Info.plist in Resources */ = {isa = PBXBuildFile; fileRef = BA07EF44251C83AD00EE5C2C /* Info.plist */; };
		BA1299DA1F8616EF00C4AB30 /* UIImage+Extension.swift in Sources */ = {isa = PBXBuildFile; fileRef = BA1299D91F8616EF00C4AB30 /* UIImage+Extension.swift */; };
		BA137A381F8712680036C669 /* VideoManager.swift in Sources */ = {isa = PBXBuildFile; fileRef = BA137A371F8712680036C669 /* VideoManager.swift */; };
		BA17978D1F6E9B54005F645C /* UserModel.swift in Sources */ = {isa = PBXBuildFile; fileRef = BA17978C1F6E9B54005F645C /* UserModel.swift */; };
		BA17F3331F807CB00020D5A5 /* CategoriesNetManager.swift in Sources */ = {isa = PBXBuildFile; fileRef = BA17F3321F807CB00020D5A5 /* CategoriesNetManager.swift */; };
		BA17F3391F8081090020D5A5 /* BaseProtocol.swift in Sources */ = {isa = PBXBuildFile; fileRef = BA17F3381F8081090020D5A5 /* BaseProtocol.swift */; };
		BA1BD81A1F83791600A22DDF /* CommentNetManager.swift in Sources */ = {isa = PBXBuildFile; fileRef = BA1BD8191F83791600A22DDF /* CommentNetManager.swift */; };
		BA2A8DCB1F8CC8720066CB03 /* UIImageView+FaceAware.swift in Sources */ = {isa = PBXBuildFile; fileRef = BA2A8DCA1F8CC8720066CB03 /* UIImageView+FaceAware.swift */; };
		BA5E8AFA1F7FD01B00182291 /* FileHandlePath.swift in Sources */ = {isa = PBXBuildFile; fileRef = BA5E8AED1F7FD01B00182291 /* FileHandlePath.swift */; };
		BA5E8AFB1F7FD01B00182291 /* UIImage + ComPress.swift in Sources */ = {isa = PBXBuildFile; fileRef = BA5E8AEE1F7FD01B00182291 /* UIImage + ComPress.swift */; };
		BA5E8AFC1F7FD01B00182291 /* DownloadManager.swift in Sources */ = {isa = PBXBuildFile; fileRef = BA5E8AEF1F7FD01B00182291 /* DownloadManager.swift */; };
		BA5E8AFD1F7FD01B00182291 /* Slider.swift in Sources */ = {isa = PBXBuildFile; fileRef = BA5E8AF11F7FD01B00182291 /* Slider.swift */; };
		BA5E8AFE1F7FD01B00182291 /* VideoPlayerController.swift in Sources */ = {isa = PBXBuildFile; fileRef = BA5E8AF21F7FD01B00182291 /* VideoPlayerController.swift */; };
		BA5E8AFF1F7FD01B00182291 /* back@2x.png in Resources */ = {isa = PBXBuildFile; fileRef = BA5E8AF41F7FD01B00182291 /* back@2x.png */; };
		BA5E8B001F7FD01B00182291 /* full_screen@2x.png in Resources */ = {isa = PBXBuildFile; fileRef = BA5E8AF51F7FD01B00182291 /* full_screen@2x.png */; };
		BA5E8B011F7FD01B00182291 /* normal_screen@2x.png in Resources */ = {isa = PBXBuildFile; fileRef = BA5E8AF61F7FD01B00182291 /* normal_screen@2x.png */; };
		BA5E8B021F7FD01B00182291 /* video_pause@2x.png in Resources */ = {isa = PBXBuildFile; fileRef = BA5E8AF71F7FD01B00182291 /* video_pause@2x.png */; };
		BA5E8B031F7FD01B00182291 /* video_play@2x.png in Resources */ = {isa = PBXBuildFile; fileRef = BA5E8AF81F7FD01B00182291 /* video_play@2x.png */; };
		BA5E8B041F7FD01B00182291 /* VideoPlayer.swift in Sources */ = {isa = PBXBuildFile; fileRef = BA5E8AF91F7FD01B00182291 /* VideoPlayer.swift */; };
		BA667F9F1F959CC20067D852 /* UIScrollView+Extension.swift in Sources */ = {isa = PBXBuildFile; fileRef = BA667F9E1F959CC20067D852 /* UIScrollView+Extension.swift */; };
		BA683D8F1F7B7D450027B227 /* Date+Extension.swift in Sources */ = {isa = PBXBuildFile; fileRef = BA683D8E1F7B7D450027B227 /* Date+Extension.swift */; };
		BA7083401F68D705009C97B6 /* Main.storyboard in Resources */ = {isa = PBXBuildFile; fileRef = BA70833E1F68D705009C97B6 /* Main.storyboard */; };
		BA7083421F68D705009C97B6 /* Assets.xcassets in Resources */ = {isa = PBXBuildFile; fileRef = BA7083411F68D705009C97B6 /* Assets.xcassets */; };
		BA7D2CE31F8F454700F39970 /* UserInfoModifyManager.swift in Sources */ = {isa = PBXBuildFile; fileRef = BA7D2CE21F8F454700F39970 /* UserInfoModifyManager.swift */; };
		BA7E9E961F711224005831CA /* API.swift in Sources */ = {isa = PBXBuildFile; fileRef = BA7E9E911F711224005831CA /* API.swift */; };
		BA7E9EA41F711F5B005831CA /* DatabaseHelper.swift in Sources */ = {isa = PBXBuildFile; fileRef = BA7E9E9D1F711F5B005831CA /* DatabaseHelper.swift */; };
		BA7E9EA51F711F5B005831CA /* DatabaseParameter.swift in Sources */ = {isa = PBXBuildFile; fileRef = BA7E9E9E1F711F5B005831CA /* DatabaseParameter.swift */; };
		BA7E9EA61F711F5B005831CA /* RootDBManager.swift in Sources */ = {isa = PBXBuildFile; fileRef = BA7E9E9F1F711F5B005831CA /* RootDBManager.swift */; };
		BA7E9EA71F711F5B005831CA /* UserInformationManager.swift in Sources */ = {isa = PBXBuildFile; fileRef = BA7E9EA01F711F5B005831CA /* UserInformationManager.swift */; };
		BA8502C11F6F9FEB00769782 /* BaseNetWorking.swift in Sources */ = {isa = PBXBuildFile; fileRef = BA8502C01F6F9FEB00769782 /* BaseNetWorking.swift */; };
		BA8502C51F6FAB8700769782 /* LoginNetManager.swift in Sources */ = {isa = PBXBuildFile; fileRef = BA8502C41F6FAB8700769782 /* LoginNetManager.swift */; };
		BA8502C81F6FB13200769782 /* UIViewCotroller+Alert.swift in Sources */ = {isa = PBXBuildFile; fileRef = BA8502C71F6FB13200769782 /* UIViewCotroller+Alert.swift */; };
		BA853CFB1F735BD200E37FFD /* VideoNetManager.swift in Sources */ = {isa = PBXBuildFile; fileRef = BA853CFA1F735BD200E37FFD /* VideoNetManager.swift */; };
		BA869D211FD78AA800AA3AE1 /* CollectNetManager.swift in Sources */ = {isa = PBXBuildFile; fileRef = BA869D201FD78AA800AA3AE1 /* CollectNetManager.swift */; };
		BA8E1B501FECB1CF007E0522 /* UIDevice+Extension.swift in Sources */ = {isa = PBXBuildFile; fileRef = BA8E1B4F1FECB1CF007E0522 /* UIDevice+Extension.swift */; };
		BAF71C111F69084800D3A265 /* PrefixHeader.swift in Sources */ = {isa = PBXBuildFile; fileRef = BAF71C101F69084800D3A265 /* PrefixHeader.swift */; };
		BAF71C481F6912AA00D3A265 /* AnimatedImagesView.swift in Sources */ = {isa = PBXBuildFile; fileRef = BAF71C311F6912AA00D3A265 /* AnimatedImagesView.swift */; };
		BAF71C501F6912AA00D3A265 /* Extension.swift in Sources */ = {isa = PBXBuildFile; fileRef = BAF71C3B1F6912AA00D3A265 /* Extension.swift */; };
		BAF71C511F6912AA00D3A265 /* LineTextField.swift in Sources */ = {isa = PBXBuildFile; fileRef = BAF71C3D1F6912AA00D3A265 /* LineTextField.swift */; };
		F56E1A8AD9709B1A295F33B1 /* Pods_SwiftApp.framework in Frameworks */ = {isa = PBXBuildFile; fileRef = 8AC3BD026D47223AA5311820 /* Pods_SwiftApp.framework */; };
/* End PBXBuildFile section */

/* Begin PBXFileReference section */
		89252DD8A1878B64256287B2 /* Pods_SwiftAppUITests.framework */ = {isa = PBXFileReference; explicitFileType = wrapper.framework; includeInIndex = 0; path = Pods_SwiftAppUITests.framework; sourceTree = BUILT_PRODUCTS_DIR; };
		8AC3BD026D47223AA5311820 /* Pods_SwiftApp.framework */ = {isa = PBXFileReference; explicitFileType = wrapper.framework; includeInIndex = 0; path = Pods_SwiftApp.framework; sourceTree = BUILT_PRODUCTS_DIR; };
		8F2901BAC3FB9DAB81D95128 /* Pods-SwiftApp.debug.xcconfig */ = {isa = PBXFileReference; includeInIndex = 1; lastKnownFileType = text.xcconfig; name = "Pods-SwiftApp.debug.xcconfig"; path = "Pods/Target Support Files/Pods-SwiftApp/Pods-SwiftApp.debug.xcconfig"; sourceTree = "<group>"; };
		BA02CD6D251C6B6F00B93830 /* AppDelegate.swift */ = {isa = PBXFileReference; fileEncoding = 4; lastKnownFileType = sourcecode.swift; path = AppDelegate.swift; sourceTree = "<group>"; };
		BA02CD72251C6E2A00B93830 /* HomeCell.swift */ = {isa = PBXFileReference; fileEncoding = 4; lastKnownFileType = sourcecode.swift; path = HomeCell.swift; sourceTree = "<group>"; };
		BA02CD73251C6E2A00B93830 /* ReplyCell.swift */ = {isa = PBXFileReference; fileEncoding = 4; lastKnownFileType = sourcecode.swift; path = ReplyCell.swift; sourceTree = "<group>"; };
		BA02CD75251C6E2A00B93830 /* PlayVModel.swift */ = {isa = PBXFileReference; fileEncoding = 4; lastKnownFileType = sourcecode.swift; path = PlayVModel.swift; sourceTree = "<group>"; };
		BA02CD76251C6E2A00B93830 /* HomeVModel.swift */ = {isa = PBXFileReference; fileEncoding = 4; lastKnownFileType = sourcecode.swift; path = HomeVModel.swift; sourceTree = "<group>"; };
		BA02CD78251C6E2A00B93830 /* HLSViewController.swift */ = {isa = PBXFileReference; fileEncoding = 4; lastKnownFileType = sourcecode.swift; path = HLSViewController.swift; sourceTree = "<group>"; };
		BA02CD79251C6E2A00B93830 /* HomeViewController.swift */ = {isa = PBXFileReference; fileEncoding = 4; lastKnownFileType = sourcecode.swift; path = HomeViewController.swift; sourceTree = "<group>"; };
		BA02CD7A251C6E2A00B93830 /* PlayViewController.swift */ = {isa = PBXFileReference; fileEncoding = 4; lastKnownFileType = sourcecode.swift; path = PlayViewController.swift; sourceTree = "<group>"; };
		BA02CD7D251C6E2A00B93830 /* VideoModel.swift */ = {isa = PBXFileReference; fileEncoding = 4; lastKnownFileType = sourcecode.swift; path = VideoModel.swift; sourceTree = "<group>"; };
		BA02CD7E251C6E2A00B93830 /* ReplyModel.swift */ = {isa = PBXFileReference; fileEncoding = 4; lastKnownFileType = sourcecode.swift; path = ReplyModel.swift; sourceTree = "<group>"; };
		BA02CD84251C6E2A00B93830 /* MyCell.swift */ = {isa = PBXFileReference; fileEncoding = 4; lastKnownFileType = sourcecode.swift; path = MyCell.swift; sourceTree = "<group>"; };
		BA02CD85251C6E2A00B93830 /* MyCollectCell.swift */ = {isa = PBXFileReference; fileEncoding = 4; lastKnownFileType = sourcecode.swift; path = MyCollectCell.swift; sourceTree = "<group>"; };
		BA02CD86251C6E2A00B93830 /* MyInfoCell.swift */ = {isa = PBXFileReference; fileEncoding = 4; lastKnownFileType = sourcecode.swift; path = MyInfoCell.swift; sourceTree = "<group>"; };
		BA02CD87251C6E2A00B93830 /* GlassEffectView.swift */ = {isa = PBXFileReference; fileEncoding = 4; lastKnownFileType = sourcecode.swift; path = GlassEffectView.swift; sourceTree = "<group>"; };
		BA02CD88251C6E2A00B93830 /* HistoryCell.swift */ = {isa = PBXFileReference; fileEncoding = 4; lastKnownFileType = sourcecode.swift; path = HistoryCell.swift; sourceTree = "<group>"; };
		BA02CD8A251C6E2A00B93830 /* InfoVModel.swift */ = {isa = PBXFileReference; fileEncoding = 4; lastKnownFileType = sourcecode.swift; path = InfoVModel.swift; sourceTree = "<group>"; };
		BA02CD8B251C6E2A00B93830 /* SettingVModel.swift */ = {isa = PBXFileReference; fileEncoding = 4; lastKnownFileType = sourcecode.swift; path = SettingVModel.swift; sourceTree = "<group>"; };
		BA02CD8C251C6E2A00B93830 /* HisAColVModel.swift */ = {isa = PBXFileReference; fileEncoding = 4; lastKnownFileType = sourcecode.swift; path = HisAColVModel.swift; sourceTree = "<group>"; };
		BA02CD8D251C6E2A00B93830 /* ModifyInfoVModel.swift */ = {isa = PBXFileReference; fileEncoding = 4; lastKnownFileType = sourcecode.swift; path = ModifyInfoVModel.swift; sourceTree = "<group>"; };
		BA02CD8E251C6E2A00B93830 /* MyVModel.swift */ = {isa = PBXFileReference; fileEncoding = 4; lastKnownFileType = sourcecode.swift; path = MyVModel.swift; sourceTree = "<group>"; };
		BA02CD90251C6E2A00B93830 /* SettingViewController.swift */ = {isa = PBXFileReference; fileEncoding = 4; lastKnownFileType = sourcecode.swift; path = SettingViewController.swift; sourceTree = "<group>"; };
		BA02CD91251C6E2A00B93830 /* ModifyInfoViewController.swift */ = {isa = PBXFileReference; fileEncoding = 4; lastKnownFileType = sourcecode.swift; path = ModifyInfoViewController.swift; sourceTree = "<group>"; };
		BA02CD92251C6E2A00B93830 /* InformationViewController.swift */ = {isa = PBXFileReference; fileEncoding = 4; lastKnownFileType = sourcecode.swift; path = InformationViewController.swift; sourceTree = "<group>"; };
		BA02CD93251C6E2A00B93830 /* MyViewController.swift */ = {isa = PBXFileReference; fileEncoding = 4; lastKnownFileType = sourcecode.swift; path = MyViewController.swift; sourceTree = "<group>"; };
		BA02CD94251C6E2A00B93830 /* MyCollectViewController.swift */ = {isa = PBXFileReference; fileEncoding = 4; lastKnownFileType = sourcecode.swift; path = MyCollectViewController.swift; sourceTree = "<group>"; };
		BA02CD95251C6E2A00B93830 /* HistoryViewController.swift */ = {isa = PBXFileReference; fileEncoding = 4; lastKnownFileType = sourcecode.swift; path = HistoryViewController.swift; sourceTree = "<group>"; };
		BA02CD96251C6E2A00B93830 /* AboutOurViewController.swift */ = {isa = PBXFileReference; fileEncoding = 4; lastKnownFileType = sourcecode.swift; path = AboutOurViewController.swift; sourceTree = "<group>"; };
		BA02CD98251C6E2A00B93830 /* HisAColModel.swift */ = {isa = PBXFileReference; fileEncoding = 4; lastKnownFileType = sourcecode.swift; path = HisAColModel.swift; sourceTree = "<group>"; };
		BA02CD99251C6E2A00B93830 /* MyInfoModel.swift */ = {isa = PBXFileReference; fileEncoding = 4; lastKnownFileType = sourcecode.swift; path = MyInfoModel.swift; sourceTree = "<group>"; };
		BA02CD9C251C6E2A00B93830 /* RootViewController.swift */ = {isa = PBXFileReference; fileEncoding = 4; lastKnownFileType = sourcecode.swift; path = RootViewController.swift; sourceTree = "<group>"; };
		BA02CD9F251C6E2A00B93830 /* CategoriesCell.swift */ = {isa = PBXFileReference; fileEncoding = 4; lastKnownFileType = sourcecode.swift; path = CategoriesCell.swift; sourceTree = "<group>"; };
		BA02CDA1251C6E2A00B93830 /* CategoriesVModel.swift */ = {isa = PBXFileReference; fileEncoding = 4; lastKnownFileType = sourcecode.swift; path = CategoriesVModel.swift; sourceTree = "<group>"; };
		BA02CDA2251C6E2A00B93830 /* CatgrListVModel.swift */ = {isa = PBXFileReference; fileEncoding = 4; lastKnownFileType = sourcecode.swift; path = CatgrListVModel.swift; sourceTree = "<group>"; };
		BA02CDA4251C6E2A00B93830 /* CategoriesViewController.swift */ = {isa = PBXFileReference; fileEncoding = 4; lastKnownFileType = sourcecode.swift; path = CategoriesViewController.swift; sourceTree = "<group>"; };
		BA02CDA5251C6E2A00B93830 /* CategoriesListViewController.swift */ = {isa = PBXFileReference; fileEncoding = 4; lastKnownFileType = sourcecode.swift; path = CategoriesListViewController.swift; sourceTree = "<group>"; };
		BA02CDA7251C6E2A00B93830 /* CategoriesModel.swift */ = {isa = PBXFileReference; fileEncoding = 4; lastKnownFileType = sourcecode.swift; path = CategoriesModel.swift; sourceTree = "<group>"; };
		BA02CDAA251C6E2A00B93830 /* LoginVModel.swift */ = {isa = PBXFileReference; fileEncoding = 4; lastKnownFileType = sourcecode.swift; path = LoginVModel.swift; sourceTree = "<group>"; };
		BA02CDAC251C6E2A00B93830 /* LoginViewController.swift */ = {isa = PBXFileReference; fileEncoding = 4; lastKnownFileType = sourcecode.swift; path = LoginViewController.swift; sourceTree = "<group>"; };
		BA07645C1F98518C008D93AC /* ActionSheetCell.swift */ = {isa = PBXFileReference; lastKnownFileType = sourcecode.swift; path = ActionSheetCell.swift; sourceTree = "<group>"; };
		BA07645D1F98518C008D93AC /* ActionSheetConfig.swift */ = {isa = PBXFileReference; lastKnownFileType = sourcecode.swift; path = ActionSheetConfig.swift; sourceTree = "<group>"; };
		BA07645E1F98518C008D93AC /* ActionSheetView.swift */ = {isa = PBXFileReference; lastKnownFileType = sourcecode.swift; path = ActionSheetView.swift; sourceTree = "<group>"; };
		BA07645F1F98518C008D93AC /* CWActionSheet.h */ = {isa = PBXFileReference; lastKnownFileType = sourcecode.c.h; path = CWActionSheet.h; sourceTree = "<group>"; };
		BA07EF40251C7FDA00EE5C2C /* UITableView+Extension.swift */ = {isa = PBXFileReference; lastKnownFileType = sourcecode.swift; path = "UITableView+Extension.swift"; sourceTree = "<group>"; };
		BA07EF43251C83AD00EE5C2C /* LaunchScreen.storyboard */ = {isa = PBXFileReference; fileEncoding = 4; lastKnownFileType = file.storyboard; path = LaunchScreen.storyboard; sourceTree = "<group>"; };
		BA07EF44251C83AD00EE5C2C /* Info.plist */ = {isa = PBXFileReference; fileEncoding = 4; lastKnownFileType = text.plist.xml; path = Info.plist; sourceTree = "<group>"; };
		BA1299D91F8616EF00C4AB30 /* UIImage+Extension.swift */ = {isa = PBXFileReference; fileEncoding = 4; lastKnownFileType = sourcecode.swift; path = "UIImage+Extension.swift"; sourceTree = "<group>"; };
		BA137A371F8712680036C669 /* VideoManager.swift */ = {isa = PBXFileReference; fileEncoding = 4; lastKnownFileType = sourcecode.swift; path = VideoManager.swift; sourceTree = "<group>"; };
		BA17978C1F6E9B54005F645C /* UserModel.swift */ = {isa = PBXFileReference; fileEncoding = 4; lastKnownFileType = sourcecode.swift; path = UserModel.swift; sourceTree = "<group>"; };
		BA17F3321F807CB00020D5A5 /* CategoriesNetManager.swift */ = {isa = PBXFileReference; fileEncoding = 4; lastKnownFileType = sourcecode.swift; path = CategoriesNetManager.swift; sourceTree = "<group>"; };
		BA17F3381F8081090020D5A5 /* BaseProtocol.swift */ = {isa = PBXFileReference; fileEncoding = 4; lastKnownFileType = sourcecode.swift; path = BaseProtocol.swift; sourceTree = "<group>"; };
		BA1BD8191F83791600A22DDF /* CommentNetManager.swift */ = {isa = PBXFileReference; fileEncoding = 4; lastKnownFileType = sourcecode.swift; path = CommentNetManager.swift; sourceTree = "<group>"; };
		BA2A8DCA1F8CC8720066CB03 /* UIImageView+FaceAware.swift */ = {isa = PBXFileReference; lastKnownFileType = sourcecode.swift; path = "UIImageView+FaceAware.swift"; sourceTree = "<group>"; };
		BA5E8AED1F7FD01B00182291 /* FileHandlePath.swift */ = {isa = PBXFileReference; fileEncoding = 4; lastKnownFileType = sourcecode.swift; path = FileHandlePath.swift; sourceTree = "<group>"; };
		BA5E8AEE1F7FD01B00182291 /* UIImage + ComPress.swift */ = {isa = PBXFileReference; fileEncoding = 4; lastKnownFileType = sourcecode.swift; path = "UIImage + ComPress.swift"; sourceTree = "<group>"; };
		BA5E8AEF1F7FD01B00182291 /* DownloadManager.swift */ = {isa = PBXFileReference; fileEncoding = 4; lastKnownFileType = sourcecode.swift; path = DownloadManager.swift; sourceTree = "<group>"; };
		BA5E8AF11F7FD01B00182291 /* Slider.swift */ = {isa = PBXFileReference; fileEncoding = 4; lastKnownFileType = sourcecode.swift; path = Slider.swift; sourceTree = "<group>"; };
		BA5E8AF21F7FD01B00182291 /* VideoPlayerController.swift */ = {isa = PBXFileReference; fileEncoding = 4; lastKnownFileType = sourcecode.swift; path = VideoPlayerController.swift; sourceTree = "<group>"; };
		BA5E8AF41F7FD01B00182291 /* back@2x.png */ = {isa = PBXFileReference; lastKnownFileType = image.png; path = "back@2x.png"; sourceTree = "<group>"; };
		BA5E8AF51F7FD01B00182291 /* full_screen@2x.png */ = {isa = PBXFileReference; lastKnownFileType = image.png; path = "full_screen@2x.png"; sourceTree = "<group>"; };
		BA5E8AF61F7FD01B00182291 /* normal_screen@2x.png */ = {isa = PBXFileReference; lastKnownFileType = image.png; path = "normal_screen@2x.png"; sourceTree = "<group>"; };
		BA5E8AF71F7FD01B00182291 /* video_pause@2x.png */ = {isa = PBXFileReference; lastKnownFileType = image.png; path = "video_pause@2x.png"; sourceTree = "<group>"; };
		BA5E8AF81F7FD01B00182291 /* video_play@2x.png */ = {isa = PBXFileReference; lastKnownFileType = image.png; path = "video_play@2x.png"; sourceTree = "<group>"; };
		BA5E8AF91F7FD01B00182291 /* VideoPlayer.swift */ = {isa = PBXFileReference; fileEncoding = 4; lastKnownFileType = sourcecode.swift; path = VideoPlayer.swift; sourceTree = "<group>"; };
		BA667F9E1F959CC20067D852 /* UIScrollView+Extension.swift */ = {isa = PBXFileReference; lastKnownFileType = sourcecode.swift; path = "UIScrollView+Extension.swift"; sourceTree = "<group>"; };
		BA683D8E1F7B7D450027B227 /* Date+Extension.swift */ = {isa = PBXFileReference; fileEncoding = 4; lastKnownFileType = sourcecode.swift; path = "Date+Extension.swift"; sourceTree = "<group>"; };
		BA7083371F68D705009C97B6 /* SwiftApp.app */ = {isa = PBXFileReference; explicitFileType = wrapper.application; includeInIndex = 0; path = SwiftApp.app; sourceTree = BUILT_PRODUCTS_DIR; };
		BA70833F1F68D705009C97B6 /* Base */ = {isa = PBXFileReference; lastKnownFileType = file.storyboard; name = Base; path = Base.lproj/Main.storyboard; sourceTree = "<group>"; };
		BA7083411F68D705009C97B6 /* Assets.xcassets */ = {isa = PBXFileReference; lastKnownFileType = folder.assetcatalog; path = Assets.xcassets; sourceTree = "<group>"; };
		BA7D2CE21F8F454700F39970 /* UserInfoModifyManager.swift */ = {isa = PBXFileReference; lastKnownFileType = sourcecode.swift; path = UserInfoModifyManager.swift; sourceTree = "<group>"; };
		BA7E9E911F711224005831CA /* API.swift */ = {isa = PBXFileReference; fileEncoding = 4; lastKnownFileType = sourcecode.swift; path = API.swift; sourceTree = "<group>"; };
		BA7E9E9D1F711F5B005831CA /* DatabaseHelper.swift */ = {isa = PBXFileReference; fileEncoding = 4; lastKnownFileType = sourcecode.swift; path = DatabaseHelper.swift; sourceTree = "<group>"; };
		BA7E9E9E1F711F5B005831CA /* DatabaseParameter.swift */ = {isa = PBXFileReference; fileEncoding = 4; lastKnownFileType = sourcecode.swift; path = DatabaseParameter.swift; sourceTree = "<group>"; };
		BA7E9E9F1F711F5B005831CA /* RootDBManager.swift */ = {isa = PBXFileReference; fileEncoding = 4; lastKnownFileType = sourcecode.swift; path = RootDBManager.swift; sourceTree = "<group>"; };
		BA7E9EA01F711F5B005831CA /* UserInformationManager.swift */ = {isa = PBXFileReference; fileEncoding = 4; lastKnownFileType = sourcecode.swift; path = UserInformationManager.swift; sourceTree = "<group>"; };
		BA8502C01F6F9FEB00769782 /* BaseNetWorking.swift */ = {isa = PBXFileReference; fileEncoding = 4; lastKnownFileType = sourcecode.swift; path = BaseNetWorking.swift; sourceTree = "<group>"; };
		BA8502C41F6FAB8700769782 /* LoginNetManager.swift */ = {isa = PBXFileReference; fileEncoding = 4; lastKnownFileType = sourcecode.swift; path = LoginNetManager.swift; sourceTree = "<group>"; };
		BA8502C71F6FB13200769782 /* UIViewCotroller+Alert.swift */ = {isa = PBXFileReference; fileEncoding = 4; lastKnownFileType = sourcecode.swift; path = "UIViewCotroller+Alert.swift"; sourceTree = "<group>"; };
		BA853CFA1F735BD200E37FFD /* VideoNetManager.swift */ = {isa = PBXFileReference; fileEncoding = 4; lastKnownFileType = sourcecode.swift; path = VideoNetManager.swift; sourceTree = "<group>"; };
		BA869D201FD78AA800AA3AE1 /* CollectNetManager.swift */ = {isa = PBXFileReference; lastKnownFileType = sourcecode.swift; path = CollectNetManager.swift; sourceTree = "<group>"; };
		BA8E1B4F1FECB1CF007E0522 /* UIDevice+Extension.swift */ = {isa = PBXFileReference; lastKnownFileType = sourcecode.swift; path = "UIDevice+Extension.swift"; sourceTree = "<group>"; };
		BAF71C101F69084800D3A265 /* PrefixHeader.swift */ = {isa = PBXFileReference; fileEncoding = 4; lastKnownFileType = sourcecode.swift; path = PrefixHeader.swift; sourceTree = "<group>"; };
		BAF71C311F6912AA00D3A265 /* AnimatedImagesView.swift */ = {isa = PBXFileReference; fileEncoding = 4; lastKnownFileType = sourcecode.swift; path = AnimatedImagesView.swift; sourceTree = "<group>"; };
		BAF71C3B1F6912AA00D3A265 /* Extension.swift */ = {isa = PBXFileReference; fileEncoding = 4; lastKnownFileType = sourcecode.swift; path = Extension.swift; sourceTree = "<group>"; };
		BAF71C3D1F6912AA00D3A265 /* LineTextField.swift */ = {isa = PBXFileReference; fileEncoding = 4; lastKnownFileType = sourcecode.swift; path = LineTextField.swift; sourceTree = "<group>"; };
		C21485E2193082A9DC987DEE /* Pods_SwiftAppTests.framework */ = {isa = PBXFileReference; explicitFileType = wrapper.framework; includeInIndex = 0; path = Pods_SwiftAppTests.framework; sourceTree = BUILT_PRODUCTS_DIR; };
		FBD581E35190842867350181 /* Pods-SwiftApp.release.xcconfig */ = {isa = PBXFileReference; includeInIndex = 1; lastKnownFileType = text.xcconfig; name = "Pods-SwiftApp.release.xcconfig"; path = "Pods/Target Support Files/Pods-SwiftApp/Pods-SwiftApp.release.xcconfig"; sourceTree = "<group>"; };
/* End PBXFileReference section */

/* Begin PBXFrameworksBuildPhase section */
		BA7083341F68D705009C97B6 /* Frameworks */ = {
			isa = PBXFrameworksBuildPhase;
			buildActionMask = 2147483647;
			files = (
				F56E1A8AD9709B1A295F33B1 /* Pods_SwiftApp.framework in Frameworks */,
			);
			runOnlyForDeploymentPostprocessing = 0;
		};
/* End PBXFrameworksBuildPhase section */

/* Begin PBXGroup section */
		16B4F1E149E270509BAD0B16 /* Pods */ = {
			isa = PBXGroup;
			children = (
				8F2901BAC3FB9DAB81D95128 /* Pods-SwiftApp.debug.xcconfig */,
				FBD581E35190842867350181 /* Pods-SwiftApp.release.xcconfig */,
			);
			name = Pods;
			sourceTree = "<group>";
		};
		3EDCB668FD47916D7A1AA15B /* Frameworks */ = {
			isa = PBXGroup;
			children = (
				8AC3BD026D47223AA5311820 /* Pods_SwiftApp.framework */,
				C21485E2193082A9DC987DEE /* Pods_SwiftAppTests.framework */,
				89252DD8A1878B64256287B2 /* Pods_SwiftAppUITests.framework */,
			);
			name = Frameworks;
			sourceTree = "<group>";
		};
		BA02CD6C251C6B6F00B93830 /* AppDelegate */ = {
			isa = PBXGroup;
			children = (
				BA02CD6D251C6B6F00B93830 /* AppDelegate.swift */,
			);
			path = AppDelegate;
			sourceTree = "<group>";
		};
		BA02CD6F251C6E2A00B93830 /* Modules */ = {
			isa = PBXGroup;
			children = (
				BA02CD70251C6E2A00B93830 /* Home */,
				BA02CD82251C6E2A00B93830 /* My */,
				BA02CD9A251C6E2A00B93830 /* Root */,
				BA02CD9D251C6E2A00B93830 /* Categories */,
				BA02CDA8251C6E2A00B93830 /* Login */,
			);
			path = Modules;
			sourceTree = "<group>";
		};
		BA02CD70251C6E2A00B93830 /* Home */ = {
			isa = PBXGroup;
			children = (
				BA02CD71251C6E2A00B93830 /* Cell */,
				BA02CD74251C6E2A00B93830 /* VModel */,
				BA02CD77251C6E2A00B93830 /* Vc */,
				BA02CD7C251C6E2A00B93830 /* Model */,
			);
			path = Home;
			sourceTree = "<group>";
		};
		BA02CD71251C6E2A00B93830 /* Cell */ = {
			isa = PBXGroup;
			children = (
				BA02CD72251C6E2A00B93830 /* HomeCell.swift */,
				BA02CD73251C6E2A00B93830 /* ReplyCell.swift */,
			);
			path = Cell;
			sourceTree = "<group>";
		};
		BA02CD74251C6E2A00B93830 /* VModel */ = {
			isa = PBXGroup;
			children = (
				BA02CD75251C6E2A00B93830 /* PlayVModel.swift */,
				BA02CD76251C6E2A00B93830 /* HomeVModel.swift */,
			);
			path = VModel;
			sourceTree = "<group>";
		};
		BA02CD77251C6E2A00B93830 /* Vc */ = {
			isa = PBXGroup;
			children = (
				BA02CD78251C6E2A00B93830 /* HLSViewController.swift */,
				BA02CD79251C6E2A00B93830 /* HomeViewController.swift */,
				BA02CD7A251C6E2A00B93830 /* PlayViewController.swift */,
			);
			path = Vc;
			sourceTree = "<group>";
		};
		BA02CD7C251C6E2A00B93830 /* Model */ = {
			isa = PBXGroup;
			children = (
				BA02CD7D251C6E2A00B93830 /* VideoModel.swift */,
				BA02CD7E251C6E2A00B93830 /* ReplyModel.swift */,
			);
			path = Model;
			sourceTree = "<group>";
		};
		BA02CD82251C6E2A00B93830 /* My */ = {
			isa = PBXGroup;
			children = (
				BA02CD83251C6E2A00B93830 /* Cell */,
				BA02CD89251C6E2A00B93830 /* VModel */,
				BA02CD8F251C6E2A00B93830 /* Vc */,
				BA02CD97251C6E2A00B93830 /* Model */,
			);
			path = My;
			sourceTree = "<group>";
		};
		BA02CD83251C6E2A00B93830 /* Cell */ = {
			isa = PBXGroup;
			children = (
				BA02CD84251C6E2A00B93830 /* MyCell.swift */,
				BA02CD85251C6E2A00B93830 /* MyCollectCell.swift */,
				BA02CD86251C6E2A00B93830 /* MyInfoCell.swift */,
				BA02CD87251C6E2A00B93830 /* GlassEffectView.swift */,
				BA02CD88251C6E2A00B93830 /* HistoryCell.swift */,
			);
			path = Cell;
			sourceTree = "<group>";
		};
		BA02CD89251C6E2A00B93830 /* VModel */ = {
			isa = PBXGroup;
			children = (
				BA02CD8A251C6E2A00B93830 /* InfoVModel.swift */,
				BA02CD8B251C6E2A00B93830 /* SettingVModel.swift */,
				BA02CD8C251C6E2A00B93830 /* HisAColVModel.swift */,
				BA02CD8D251C6E2A00B93830 /* ModifyInfoVModel.swift */,
				BA02CD8E251C6E2A00B93830 /* MyVModel.swift */,
			);
			path = VModel;
			sourceTree = "<group>";
		};
		BA02CD8F251C6E2A00B93830 /* Vc */ = {
			isa = PBXGroup;
			children = (
				BA02CD90251C6E2A00B93830 /* SettingViewController.swift */,
				BA02CD91251C6E2A00B93830 /* ModifyInfoViewController.swift */,
				BA02CD92251C6E2A00B93830 /* InformationViewController.swift */,
				BA02CD93251C6E2A00B93830 /* MyViewController.swift */,
				BA02CD94251C6E2A00B93830 /* MyCollectViewController.swift */,
				BA02CD95251C6E2A00B93830 /* HistoryViewController.swift */,
				BA02CD96251C6E2A00B93830 /* AboutOurViewController.swift */,
			);
			path = Vc;
			sourceTree = "<group>";
		};
		BA02CD97251C6E2A00B93830 /* Model */ = {
			isa = PBXGroup;
			children = (
				BA02CD98251C6E2A00B93830 /* HisAColModel.swift */,
				BA02CD99251C6E2A00B93830 /* MyInfoModel.swift */,
			);
			path = Model;
			sourceTree = "<group>";
		};
		BA02CD9A251C6E2A00B93830 /* Root */ = {
			isa = PBXGroup;
			children = (
				BA02CD9B251C6E2A00B93830 /* Vc */,
			);
			path = Root;
			sourceTree = "<group>";
		};
		BA02CD9B251C6E2A00B93830 /* Vc */ = {
			isa = PBXGroup;
			children = (
				BA02CD9C251C6E2A00B93830 /* RootViewController.swift */,
			);
			path = Vc;
			sourceTree = "<group>";
		};
		BA02CD9D251C6E2A00B93830 /* Categories */ = {
			isa = PBXGroup;
			children = (
				BA02CD9E251C6E2A00B93830 /* Cell */,
				BA02CDA0251C6E2A00B93830 /* VModel */,
				BA02CDA3251C6E2A00B93830 /* Vc */,
				BA02CDA6251C6E2A00B93830 /* Model */,
			);
			path = Categories;
			sourceTree = "<group>";
		};
		BA02CD9E251C6E2A00B93830 /* Cell */ = {
			isa = PBXGroup;
			children = (
				BA02CD9F251C6E2A00B93830 /* CategoriesCell.swift */,
			);
			path = Cell;
			sourceTree = "<group>";
		};
		BA02CDA0251C6E2A00B93830 /* VModel */ = {
			isa = PBXGroup;
			children = (
				BA02CDA1251C6E2A00B93830 /* CategoriesVModel.swift */,
				BA02CDA2251C6E2A00B93830 /* CatgrListVModel.swift */,
			);
			path = VModel;
			sourceTree = "<group>";
		};
		BA02CDA3251C6E2A00B93830 /* Vc */ = {
			isa = PBXGroup;
			children = (
				BA02CDA4251C6E2A00B93830 /* CategoriesViewController.swift */,
				BA02CDA5251C6E2A00B93830 /* CategoriesListViewController.swift */,
			);
			path = Vc;
			sourceTree = "<group>";
		};
		BA02CDA6251C6E2A00B93830 /* Model */ = {
			isa = PBXGroup;
			children = (
				BA02CDA7251C6E2A00B93830 /* CategoriesModel.swift */,
			);
			path = Model;
			sourceTree = "<group>";
		};
		BA02CDA8251C6E2A00B93830 /* Login */ = {
			isa = PBXGroup;
			children = (
				BA02CDA9251C6E2A00B93830 /* VModel */,
				BA02CDAB251C6E2A00B93830 /* Vc */,
			);
			path = Login;
			sourceTree = "<group>";
		};
		BA02CDA9251C6E2A00B93830 /* VModel */ = {
			isa = PBXGroup;
			children = (
				BA02CDAA251C6E2A00B93830 /* LoginVModel.swift */,
			);
			path = VModel;
			sourceTree = "<group>";
		};
		BA02CDAB251C6E2A00B93830 /* Vc */ = {
			isa = PBXGroup;
			children = (
				BA02CDAC251C6E2A00B93830 /* LoginViewController.swift */,
			);
			path = Vc;
			sourceTree = "<group>";
		};
		BA07645B1F98518C008D93AC /* ActionSheet */ = {
			isa = PBXGroup;
			children = (
				BA07645C1F98518C008D93AC /* ActionSheetCell.swift */,
				BA07645D1F98518C008D93AC /* ActionSheetConfig.swift */,
				BA07645E1F98518C008D93AC /* ActionSheetView.swift */,
				BA07645F1F98518C008D93AC /* CWActionSheet.h */,
			);
			path = ActionSheet;
			sourceTree = "<group>";
		};
		BA07EF42251C83AD00EE5C2C /* SupportingFiles */ = {
			isa = PBXGroup;
			children = (
				BA07EF43251C83AD00EE5C2C /* LaunchScreen.storyboard */,
				BA07EF44251C83AD00EE5C2C /* Info.plist */,
			);
			path = SupportingFiles;
			sourceTree = "<group>";
		};
		BA17978A1F6E9B30005F645C /* Public */ = {
			isa = PBXGroup;
			children = (
				BA17F3371F8080820020D5A5 /* Protocol */,
				BA8502BF1F6F788900769782 /* Networking */,
				BA17978B1F6E9B30005F645C /* Model */,
			);
			path = Public;
			sourceTree = "<group>";
		};
		BA17978B1F6E9B30005F645C /* Model */ = {
			isa = PBXGroup;
			children = (
				BA17978C1F6E9B54005F645C /* UserModel.swift */,
			);
			path = Model;
			sourceTree = "<group>";
		};
		BA17F3371F8080820020D5A5 /* Protocol */ = {
			isa = PBXGroup;
			children = (
				BA17F3381F8081090020D5A5 /* BaseProtocol.swift */,
			);
			path = Protocol;
			sourceTree = "<group>";
		};
		BA5E8AEB1F7FD01B00182291 /* VideoPlayView */ = {
			isa = PBXGroup;
			children = (
				BA5E8AEC1F7FD01B00182291 /* category */,
				BA5E8AEF1F7FD01B00182291 /* DownloadManager.swift */,
				BA5E8AF01F7FD01B00182291 /* PlayControllerView */,
				BA5E8AF31F7FD01B00182291 /* resource */,
				BA5E8AF91F7FD01B00182291 /* VideoPlayer.swift */,
			);
			path = VideoPlayView;
			sourceTree = "<group>";
		};
		BA5E8AEC1F7FD01B00182291 /* category */ = {
			isa = PBXGroup;
			children = (
				BA5E8AED1F7FD01B00182291 /* FileHandlePath.swift */,
				BA5E8AEE1F7FD01B00182291 /* UIImage + ComPress.swift */,
			);
			path = category;
			sourceTree = "<group>";
		};
		BA5E8AF01F7FD01B00182291 /* PlayControllerView */ = {
			isa = PBXGroup;
			children = (
				BA5E8AF11F7FD01B00182291 /* Slider.swift */,
				BA5E8AF21F7FD01B00182291 /* VideoPlayerController.swift */,
			);
			path = PlayControllerView;
			sourceTree = "<group>";
		};
		BA5E8AF31F7FD01B00182291 /* resource */ = {
			isa = PBXGroup;
			children = (
				BA5E8AF41F7FD01B00182291 /* back@2x.png */,
				BA5E8AF51F7FD01B00182291 /* full_screen@2x.png */,
				BA5E8AF61F7FD01B00182291 /* normal_screen@2x.png */,
				BA5E8AF71F7FD01B00182291 /* video_pause@2x.png */,
				BA5E8AF81F7FD01B00182291 /* video_play@2x.png */,
			);
			path = resource;
			sourceTree = "<group>";
		};
		BA70832E1F68D704009C97B6 = {
			isa = PBXGroup;
			children = (
				BA7083391F68D705009C97B6 /* SwiftApp */,
				BA7083381F68D705009C97B6 /* Products */,
				16B4F1E149E270509BAD0B16 /* Pods */,
				3EDCB668FD47916D7A1AA15B /* Frameworks */,
			);
			sourceTree = "<group>";
		};
		BA7083381F68D705009C97B6 /* Products */ = {
			isa = PBXGroup;
			children = (
				BA7083371F68D705009C97B6 /* SwiftApp.app */,
			);
			name = Products;
			sourceTree = "<group>";
		};
		BA7083391F68D705009C97B6 /* SwiftApp */ = {
			isa = PBXGroup;
			children = (
				BA7083681F68D900009C97B6 /* Classes */,
				BA70833E1F68D705009C97B6 /* Main.storyboard */,
				BA7083411F68D705009C97B6 /* Assets.xcassets */,
			);
			path = SwiftApp;
			sourceTree = "<group>";
		};
		BA7083681F68D900009C97B6 /* Classes */ = {
			isa = PBXGroup;
			children = (
				BA07EF42251C83AD00EE5C2C /* SupportingFiles */,
				BA02CD6C251C6B6F00B93830 /* AppDelegate */,
				BA7E9E8F1F711223005831CA /* Other */,
				BA8502C61F6FB12700769782 /* Tool */,
				BA17978A1F6E9B30005F645C /* Public */,
				BAF71C2F1F6912AA00D3A265 /* Library */,
				BAF71C0F1F69084800D3A265 /* Header */,
				BA02CD6F251C6E2A00B93830 /* Modules */,
			);
			path = Classes;
			sourceTree = "<group>";
		};
		BA7E9E8F1F711223005831CA /* Other */ = {
			isa = PBXGroup;
			children = (
				BA7E9E901F711224005831CA /* API */,
			);
			path = Other;
			sourceTree = "<group>";
		};
		BA7E9E901F711224005831CA /* API */ = {
			isa = PBXGroup;
			children = (
				BA7E9E911F711224005831CA /* API.swift */,
			);
			path = API;
			sourceTree = "<group>";
		};
		BA7E9E9A1F711F5B005831CA /* DB */ = {
			isa = PBXGroup;
			children = (
				BA7E9E9E1F711F5B005831CA /* DatabaseParameter.swift */,
				BA7E9E9D1F711F5B005831CA /* DatabaseHelper.swift */,
				BA7E9E9F1F711F5B005831CA /* RootDBManager.swift */,
				BA7E9EA01F711F5B005831CA /* UserInformationManager.swift */,
				BA137A371F8712680036C669 /* VideoManager.swift */,
			);
			path = DB;
			sourceTree = "<group>";
		};
		BA8502BF1F6F788900769782 /* Networking */ = {
			isa = PBXGroup;
			children = (
				BA8502C01F6F9FEB00769782 /* BaseNetWorking.swift */,
				BA8502C41F6FAB8700769782 /* LoginNetManager.swift */,
				BA853CFA1F735BD200E37FFD /* VideoNetManager.swift */,
				BA17F3321F807CB00020D5A5 /* CategoriesNetManager.swift */,
				BA1BD8191F83791600A22DDF /* CommentNetManager.swift */,
				BA7D2CE21F8F454700F39970 /* UserInfoModifyManager.swift */,
				BA869D201FD78AA800AA3AE1 /* CollectNetManager.swift */,
			);
			path = Networking;
			sourceTree = "<group>";
		};
		BA8502C61F6FB12700769782 /* Tool */ = {
			isa = PBXGroup;
			children = (
				BA2A8DCA1F8CC8720066CB03 /* UIImageView+FaceAware.swift */,
				BA683D8E1F7B7D450027B227 /* Date+Extension.swift */,
				BA8502C71F6FB13200769782 /* UIViewCotroller+Alert.swift */,
				BA1299D91F8616EF00C4AB30 /* UIImage+Extension.swift */,
			);
			path = Tool;
			sourceTree = "<group>";
		};
		BAF71C0F1F69084800D3A265 /* Header */ = {
			isa = PBXGroup;
			children = (
				BAF71C101F69084800D3A265 /* PrefixHeader.swift */,
			);
			path = Header;
			sourceTree = "<group>";
		};
		BAF71C2F1F6912AA00D3A265 /* Library */ = {
			isa = PBXGroup;
			children = (
				BA07645B1F98518C008D93AC /* ActionSheet */,
				BA5E8AEB1F7FD01B00182291 /* VideoPlayView */,
				BA7E9E9A1F711F5B005831CA /* DB */,
				BAF71C301F6912AA00D3A265 /* AnimatedImagesView */,
				BAF71C3A1F6912AA00D3A265 /* Extension */,
				BAF71C3C1F6912AA00D3A265 /* LineTextField */,
			);
			path = Library;
			sourceTree = "<group>";
		};
		BAF71C301F6912AA00D3A265 /* AnimatedImagesView */ = {
			isa = PBXGroup;
			children = (
				BAF71C311F6912AA00D3A265 /* AnimatedImagesView.swift */,
			);
			path = AnimatedImagesView;
			sourceTree = "<group>";
		};
		BAF71C3A1F6912AA00D3A265 /* Extension */ = {
			isa = PBXGroup;
			children = (
				BAF71C3B1F6912AA00D3A265 /* Extension.swift */,
				BA667F9E1F959CC20067D852 /* UIScrollView+Extension.swift */,
				BA8E1B4F1FECB1CF007E0522 /* UIDevice+Extension.swift */,
				BA07EF40251C7FDA00EE5C2C /* UITableView+Extension.swift */,
			);
			path = Extension;
			sourceTree = "<group>";
		};
		BAF71C3C1F6912AA00D3A265 /* LineTextField */ = {
			isa = PBXGroup;
			children = (
				BAF71C3D1F6912AA00D3A265 /* LineTextField.swift */,
			);
			path = LineTextField;
			sourceTree = "<group>";
		};
/* End PBXGroup section */

/* Begin PBXNativeTarget section */
		BA7083361F68D705009C97B6 /* SwiftApp */ = {
			isa = PBXNativeTarget;
			buildConfigurationList = BA70835F1F68D705009C97B6 /* Build configuration list for PBXNativeTarget "SwiftApp" */;
			buildPhases = (
				646D4A660E8788B0F90CA944 /* [CP] Check Pods Manifest.lock */,
				BA7083331F68D705009C97B6 /* Sources */,
				BA7083341F68D705009C97B6 /* Frameworks */,
				BA7083351F68D705009C97B6 /* Resources */,
				C83AF4136B1DF863512D6A37 /* [CP] Embed Pods Frameworks */,
			);
			buildRules = (
			);
			dependencies = (
			);
			name = SwiftApp;
			productName = SwiftApp;
			productReference = BA7083371F68D705009C97B6 /* SwiftApp.app */;
			productType = "com.apple.product-type.application";
		};
/* End PBXNativeTarget section */

/* Begin PBXProject section */
		BA70832F1F68D704009C97B6 /* Project object */ = {
			isa = PBXProject;
			attributes = {
				LastSwiftUpdateCheck = 0830;
				LastUpgradeCheck = 0900;
				ORGANIZATIONNAME = Nemo;
				TargetAttributes = {
					BA7083361F68D705009C97B6 = {
						CreatedOnToolsVersion = 8.3.3;
						ProvisioningStyle = Manual;
					};
				};
			};
			buildConfigurationList = BA7083321F68D704009C97B6 /* Build configuration list for PBXProject "SwiftApp" */;
			compatibilityVersion = "Xcode 3.2";
			developmentRegion = English;
			hasScannedForEncodings = 0;
			knownRegions = (
				English,
				en,
				Base,
				"zh-Hans",
				"zh-Hant",
			);
			mainGroup = BA70832E1F68D704009C97B6;
			productRefGroup = BA7083381F68D705009C97B6 /* Products */;
			projectDirPath = "";
			projectRoot = "";
			targets = (
				BA7083361F68D705009C97B6 /* SwiftApp */,
			);
		};
/* End PBXProject section */

/* Begin PBXResourcesBuildPhase section */
		BA7083351F68D705009C97B6 /* Resources */ = {
			isa = PBXResourcesBuildPhase;
			buildActionMask = 2147483647;
			files = (
				BA5E8B001F7FD01B00182291 /* full_screen@2x.png in Resources */,
				BA7083421F68D705009C97B6 /* Assets.xcassets in Resources */,
				BA07EF45251C83AD00EE5C2C /* LaunchScreen.storyboard in Resources */,
				BA5E8B031F7FD01B00182291 /* video_play@2x.png in Resources */,
				BA5E8AFF1F7FD01B00182291 /* back@2x.png in Resources */,
				BA5E8B021F7FD01B00182291 /* video_pause@2x.png in Resources */,
				BA07EF46251C83AD00EE5C2C /* Info.plist in Resources */,
				BA5E8B011F7FD01B00182291 /* normal_screen@2x.png in Resources */,
				BA7083401F68D705009C97B6 /* Main.storyboard in Resources */,
			);
			runOnlyForDeploymentPostprocessing = 0;
		};
/* End PBXResourcesBuildPhase section */

/* Begin PBXShellScriptBuildPhase section */
		646D4A660E8788B0F90CA944 /* [CP] Check Pods Manifest.lock */ = {
			isa = PBXShellScriptBuildPhase;
			buildActionMask = 2147483647;
			files = (
			);
			inputPaths = (
				"${PODS_PODFILE_DIR_PATH}/Podfile.lock",
				"${PODS_ROOT}/Manifest.lock",
			);
			name = "[CP] Check Pods Manifest.lock";
			outputPaths = (
				"$(DERIVED_FILE_DIR)/Pods-SwiftApp-checkManifestLockResult.txt",
			);
			runOnlyForDeploymentPostprocessing = 0;
			shellPath = /bin/sh;
			shellScript = "diff \"${PODS_PODFILE_DIR_PATH}/Podfile.lock\" \"${PODS_ROOT}/Manifest.lock\" > /dev/null\nif [ $? != 0 ] ; then\n    # print error to STDERR\n    echo \"error: The sandbox is not in sync with the Podfile.lock. Run 'pod install' or update your CocoaPods installation.\" >&2\n    exit 1\nfi\n# This output is used by Xcode 'outputs' to avoid re-running this script phase.\necho \"SUCCESS\" > \"${SCRIPT_OUTPUT_FILE_0}\"\n";
			showEnvVarsInLog = 0;
		};
		C83AF4136B1DF863512D6A37 /* [CP] Embed Pods Frameworks */ = {
			isa = PBXShellScriptBuildPhase;
			buildActionMask = 2147483647;
			files = (
			);
			inputPaths = (
				"${PODS_ROOT}/Target Support Files/Pods-SwiftApp/Pods-SwiftApp-frameworks.sh",
				"${BUILT_PRODUCTS_DIR}/Alamofire/Alamofire.framework",
				"${BUILT_PRODUCTS_DIR}/ESPullToRefresh/ESPullToRefresh.framework",
				"${BUILT_PRODUCTS_DIR}/FMDB/FMDB.framework",
				"${BUILT_PRODUCTS_DIR}/Kingfisher/Kingfisher.framework",
				"${BUILT_PRODUCTS_DIR}/SCLAlertView/SCLAlertView.framework",
				"${BUILT_PRODUCTS_DIR}/SQLCipher/SQLCipher.framework",
				"${BUILT_PRODUCTS_DIR}/SnapKit/SnapKit.framework",
				"${BUILT_PRODUCTS_DIR}/SwiftyJSON/SwiftyJSON.framework",
			);
			name = "[CP] Embed Pods Frameworks";
			outputPaths = (
				"${TARGET_BUILD_DIR}/${FRAMEWORKS_FOLDER_PATH}/Alamofire.framework",
				"${TARGET_BUILD_DIR}/${FRAMEWORKS_FOLDER_PATH}/ESPullToRefresh.framework",
				"${TARGET_BUILD_DIR}/${FRAMEWORKS_FOLDER_PATH}/FMDB.framework",
				"${TARGET_BUILD_DIR}/${FRAMEWORKS_FOLDER_PATH}/Kingfisher.framework",
				"${TARGET_BUILD_DIR}/${FRAMEWORKS_FOLDER_PATH}/SCLAlertView.framework",
				"${TARGET_BUILD_DIR}/${FRAMEWORKS_FOLDER_PATH}/SQLCipher.framework",
				"${TARGET_BUILD_DIR}/${FRAMEWORKS_FOLDER_PATH}/SnapKit.framework",
				"${TARGET_BUILD_DIR}/${FRAMEWORKS_FOLDER_PATH}/SwiftyJSON.framework",
			);
			runOnlyForDeploymentPostprocessing = 0;
			shellPath = /bin/sh;
			shellScript = "\"${PODS_ROOT}/Target Support Files/Pods-SwiftApp/Pods-SwiftApp-frameworks.sh\"\n";
			showEnvVarsInLog = 0;
		};
/* End PBXShellScriptBuildPhase section */

/* Begin PBXSourcesBuildPhase section */
		BA7083331F68D705009C97B6 /* Sources */ = {
			isa = PBXSourcesBuildPhase;
			buildActionMask = 2147483647;
			files = (
				BA02CDAD251C6E2A00B93830 /* HomeCell.swift in Sources */,
				BA0764601F9853B5008D93AC /* ActionSheetCell.swift in Sources */,
				BA02CDCD251C6E2A00B93830 /* CategoriesVModel.swift in Sources */,
				BA0764611F9853B5008D93AC /* ActionSheetConfig.swift in Sources */,
				BA0764621F9853B5008D93AC /* ActionSheetView.swift in Sources */,
				BA0764631F9853B5008D93AC /* CWActionSheet.h in Sources */,
				BA02CDB2251C6E2A00B93830 /* HomeViewController.swift in Sources */,
				BA7E9EA71F711F5B005831CA /* UserInformationManager.swift in Sources */,
				BA5E8B041F7FD01B00182291 /* VideoPlayer.swift in Sources */,
				BA02CDB3251C6E2A00B93830 /* PlayViewController.swift in Sources */,
				BA02CDBD251C6E2A00B93830 /* InfoVModel.swift in Sources */,
				BA17F3391F8081090020D5A5 /* BaseProtocol.swift in Sources */,
				BA02CDB1251C6E2A00B93830 /* HLSViewController.swift in Sources */,
				BA02CDD1251C6E2A00B93830 /* CategoriesModel.swift in Sources */,
				BA02CDC0251C6E2A00B93830 /* ModifyInfoVModel.swift in Sources */,
				BA02CDCF251C6E2A00B93830 /* CategoriesViewController.swift in Sources */,
				BA5E8AFA1F7FD01B00182291 /* FileHandlePath.swift in Sources */,
				BA02CDBE251C6E2A00B93830 /* SettingVModel.swift in Sources */,
				BA02CDB5251C6E2A00B93830 /* VideoModel.swift in Sources */,
				BA8502C51F6FAB8700769782 /* LoginNetManager.swift in Sources */,
				BA07EF41251C7FDA00EE5C2C /* UITableView+Extension.swift in Sources */,
				BA8502C11F6F9FEB00769782 /* BaseNetWorking.swift in Sources */,
				BA1299DA1F8616EF00C4AB30 /* UIImage+Extension.swift in Sources */,
				BA02CDD0251C6E2A00B93830 /* CategoriesListViewController.swift in Sources */,
				BA02CDC3251C6E2A00B93830 /* ModifyInfoViewController.swift in Sources */,
				BA683D8F1F7B7D450027B227 /* Date+Extension.swift in Sources */,
				BAF71C111F69084800D3A265 /* PrefixHeader.swift in Sources */,
				BA02CDAE251C6E2A00B93830 /* ReplyCell.swift in Sources */,
				BA02CDD2251C6E2A00B93830 /* LoginVModel.swift in Sources */,
				BA7E9EA51F711F5B005831CA /* DatabaseParameter.swift in Sources */,
				BA02CDBB251C6E2A00B93830 /* GlassEffectView.swift in Sources */,
				BA667F9F1F959CC20067D852 /* UIScrollView+Extension.swift in Sources */,
				BA2A8DCB1F8CC8720066CB03 /* UIImageView+FaceAware.swift in Sources */,
				BA02CDC5251C6E2A00B93830 /* MyViewController.swift in Sources */,
				BAF71C481F6912AA00D3A265 /* AnimatedImagesView.swift in Sources */,
				BAF71C501F6912AA00D3A265 /* Extension.swift in Sources */,
				BA02CDC2251C6E2A00B93830 /* SettingViewController.swift in Sources */,
				BA137A381F8712680036C669 /* VideoManager.swift in Sources */,
				BA02CDC7251C6E2A00B93830 /* HistoryViewController.swift in Sources */,
				BA869D211FD78AA800AA3AE1 /* CollectNetManager.swift in Sources */,
				BA8E1B501FECB1CF007E0522 /* UIDevice+Extension.swift in Sources */,
				BA8502C81F6FB13200769782 /* UIViewCotroller+Alert.swift in Sources */,
				BAF71C511F6912AA00D3A265 /* LineTextField.swift in Sources */,
				BA02CDC6251C6E2A00B93830 /* MyCollectViewController.swift in Sources */,
				BA02CDC8251C6E2A00B93830 /* AboutOurViewController.swift in Sources */,
				BA17978D1F6E9B54005F645C /* UserModel.swift in Sources */,
				BA02CDCC251C6E2A00B93830 /* CategoriesCell.swift in Sources */,
				BA02CDCB251C6E2A00B93830 /* RootViewController.swift in Sources */,
				BA5E8AFC1F7FD01B00182291 /* DownloadManager.swift in Sources */,
				BA02CDC9251C6E2A00B93830 /* HisAColModel.swift in Sources */,
				BA17F3331F807CB00020D5A5 /* CategoriesNetManager.swift in Sources */,
				BA02CDB9251C6E2A00B93830 /* MyCollectCell.swift in Sources */,
				BA5E8AFB1F7FD01B00182291 /* UIImage + ComPress.swift in Sources */,
				BA02CDCE251C6E2A00B93830 /* CatgrListVModel.swift in Sources */,
				BA02CDC1251C6E2A00B93830 /* MyVModel.swift in Sources */,
				BA02CDB6251C6E2A00B93830 /* ReplyModel.swift in Sources */,
				BA7D2CE31F8F454700F39970 /* UserInfoModifyManager.swift in Sources */,
				BA7E9EA61F711F5B005831CA /* RootDBManager.swift in Sources */,
				BA7E9EA41F711F5B005831CA /* DatabaseHelper.swift in Sources */,
				BA5E8AFE1F7FD01B00182291 /* VideoPlayerController.swift in Sources */,
				BA02CDBC251C6E2A00B93830 /* HistoryCell.swift in Sources */,
				BA02CD6E251C6B6F00B93830 /* AppDelegate.swift in Sources */,
				BA02CDD3251C6E2A00B93830 /* LoginViewController.swift in Sources */,
				BA1BD81A1F83791600A22DDF /* CommentNetManager.swift in Sources */,
				BA02CDBA251C6E2A00B93830 /* MyInfoCell.swift in Sources */,
				BA02CDB0251C6E2A00B93830 /* HomeVModel.swift in Sources */,
				BA02CDAF251C6E2A00B93830 /* PlayVModel.swift in Sources */,
				BA7E9E961F711224005831CA /* API.swift in Sources */,
				BA02CDB8251C6E2A00B93830 /* MyCell.swift in Sources */,
				BA853CFB1F735BD200E37FFD /* VideoNetManager.swift in Sources */,
				BA02CDBF251C6E2A00B93830 /* HisAColVModel.swift in Sources */,
				BA5E8AFD1F7FD01B00182291 /* Slider.swift in Sources */,
				BA02CDC4251C6E2A00B93830 /* InformationViewController.swift in Sources */,
				BA02CDCA251C6E2A00B93830 /* MyInfoModel.swift in Sources */,
			);
			runOnlyForDeploymentPostprocessing = 0;
		};
/* End PBXSourcesBuildPhase section */

/* Begin PBXVariantGroup section */
		BA70833E1F68D705009C97B6 /* Main.storyboard */ = {
			isa = PBXVariantGroup;
			children = (
				BA70833F1F68D705009C97B6 /* Base */,
			);
			name = Main.storyboard;
			sourceTree = "<group>";
		};
/* End PBXVariantGroup section */

/* Begin XCBuildConfiguration section */
		BA70835D1F68D705009C97B6 /* Debug */ = {
			isa = XCBuildConfiguration;
			buildSettings = {
				ALWAYS_EMBED_SWIFT_STANDARD_LIBRARIES = "$(inherited)";
				ALWAYS_SEARCH_USER_PATHS = NO;
				CLANG_ANALYZER_NONNULL = YES;
				CLANG_ANALYZER_NUMBER_OBJECT_CONVERSION = YES_AGGRESSIVE;
				CLANG_CXX_LANGUAGE_STANDARD = "gnu++0x";
				CLANG_CXX_LIBRARY = "libc++";
				CLANG_ENABLE_MODULES = YES;
				CLANG_ENABLE_OBJC_ARC = YES;
				CLANG_WARN_BLOCK_CAPTURE_AUTORELEASING = YES;
				CLANG_WARN_BOOL_CONVERSION = YES;
				CLANG_WARN_COMMA = YES;
				CLANG_WARN_CONSTANT_CONVERSION = YES;
				CLANG_WARN_DIRECT_OBJC_ISA_USAGE = YES_ERROR;
				CLANG_WARN_DOCUMENTATION_COMMENTS = YES;
				CLANG_WARN_EMPTY_BODY = YES;
				CLANG_WARN_ENUM_CONVERSION = YES;
				CLANG_WARN_INFINITE_RECURSION = YES;
				CLANG_WARN_INT_CONVERSION = YES;
				CLANG_WARN_NON_LITERAL_NULL_CONVERSION = YES;
				CLANG_WARN_OBJC_LITERAL_CONVERSION = YES;
				CLANG_WARN_OBJC_ROOT_CLASS = YES_ERROR;
				CLANG_WARN_RANGE_LOOP_ANALYSIS = YES;
				CLANG_WARN_STRICT_PROTOTYPES = YES;
				CLANG_WARN_SUSPICIOUS_MOVE = YES;
				CLANG_WARN_UNREACHABLE_CODE = YES;
				CLANG_WARN__DUPLICATE_METHOD_MATCH = YES;
				"CODE_SIGN_IDENTITY[sdk=iphoneos*]" = "iPhone Developer";
				COPY_PHASE_STRIP = NO;
				DEBUG_INFORMATION_FORMAT = dwarf;
				ENABLE_STRICT_OBJC_MSGSEND = YES;
				ENABLE_TESTABILITY = YES;
				GCC_C_LANGUAGE_STANDARD = gnu99;
				GCC_DYNAMIC_NO_PIC = NO;
				GCC_NO_COMMON_BLOCKS = YES;
				GCC_OPTIMIZATION_LEVEL = 0;
				GCC_PREPROCESSOR_DEFINITIONS = (
					"DEBUG=1",
					"$(inherited)",
				);
				GCC_WARN_64_TO_32_BIT_CONVERSION = YES;
				GCC_WARN_ABOUT_RETURN_TYPE = YES_ERROR;
				GCC_WARN_UNDECLARED_SELECTOR = YES;
				GCC_WARN_UNINITIALIZED_AUTOS = YES_AGGRESSIVE;
				GCC_WARN_UNUSED_FUNCTION = YES;
				GCC_WARN_UNUSED_VARIABLE = YES;
				IPHONEOS_DEPLOYMENT_TARGET = 10;
				MTL_ENABLE_DEBUG_INFO = YES;
				ONLY_ACTIVE_ARCH = YES;
				SDKROOT = iphoneos;
				SWIFT_ACTIVE_COMPILATION_CONDITIONS = DEBUG;
				SWIFT_OPTIMIZATION_LEVEL = "-Onone";
				TARGETED_DEVICE_FAMILY = "1,2";
			};
			name = Debug;
		};
		BA70835E1F68D705009C97B6 /* Release */ = {
			isa = XCBuildConfiguration;
			buildSettings = {
				ALWAYS_EMBED_SWIFT_STANDARD_LIBRARIES = "$(inherited)";
				ALWAYS_SEARCH_USER_PATHS = NO;
				CLANG_ANALYZER_NONNULL = YES;
				CLANG_ANALYZER_NUMBER_OBJECT_CONVERSION = YES_AGGRESSIVE;
				CLANG_CXX_LANGUAGE_STANDARD = "gnu++0x";
				CLANG_CXX_LIBRARY = "libc++";
				CLANG_ENABLE_MODULES = YES;
				CLANG_ENABLE_OBJC_ARC = YES;
				CLANG_WARN_BLOCK_CAPTURE_AUTORELEASING = YES;
				CLANG_WARN_BOOL_CONVERSION = YES;
				CLANG_WARN_COMMA = YES;
				CLANG_WARN_CONSTANT_CONVERSION = YES;
				CLANG_WARN_DIRECT_OBJC_ISA_USAGE = YES_ERROR;
				CLANG_WARN_DOCUMENTATION_COMMENTS = YES;
				CLANG_WARN_EMPTY_BODY = YES;
				CLANG_WARN_ENUM_CONVERSION = YES;
				CLANG_WARN_INFINITE_RECURSION = YES;
				CLANG_WARN_INT_CONVERSION = YES;
				CLANG_WARN_NON_LITERAL_NULL_CONVERSION = YES;
				CLANG_WARN_OBJC_LITERAL_CONVERSION = YES;
				CLANG_WARN_OBJC_ROOT_CLASS = YES_ERROR;
				CLANG_WARN_RANGE_LOOP_ANALYSIS = YES;
				CLANG_WARN_STRICT_PROTOTYPES = YES;
				CLANG_WARN_SUSPICIOUS_MOVE = YES;
				CLANG_WARN_UNREACHABLE_CODE = YES;
				CLANG_WARN__DUPLICATE_METHOD_MATCH = YES;
				"CODE_SIGN_IDENTITY[sdk=iphoneos*]" = "iPhone Developer";
				COPY_PHASE_STRIP = NO;
				DEBUG_INFORMATION_FORMAT = "dwarf-with-dsym";
				ENABLE_NS_ASSERTIONS = NO;
				ENABLE_STRICT_OBJC_MSGSEND = YES;
				GCC_C_LANGUAGE_STANDARD = gnu99;
				GCC_NO_COMMON_BLOCKS = YES;
				GCC_WARN_64_TO_32_BIT_CONVERSION = YES;
				GCC_WARN_ABOUT_RETURN_TYPE = YES_ERROR;
				GCC_WARN_UNDECLARED_SELECTOR = YES;
				GCC_WARN_UNINITIALIZED_AUTOS = YES_AGGRESSIVE;
				GCC_WARN_UNUSED_FUNCTION = YES;
				GCC_WARN_UNUSED_VARIABLE = YES;
				IPHONEOS_DEPLOYMENT_TARGET = 10;
				MTL_ENABLE_DEBUG_INFO = NO;
				SDKROOT = iphoneos;
				SWIFT_OPTIMIZATION_LEVEL = "-Owholemodule";
				TARGETED_DEVICE_FAMILY = "1,2";
				VALIDATE_PRODUCT = YES;
			};
			name = Release;
		};
		BA7083601F68D705009C97B6 /* Debug */ = {
			isa = XCBuildConfiguration;
			baseConfigurationReference = 8F2901BAC3FB9DAB81D95128 /* Pods-SwiftApp.debug.xcconfig */;
			buildSettings = {
				ALWAYS_EMBED_SWIFT_STANDARD_LIBRARIES = "$(inherited)";
				ASSETCATALOG_COMPILER_APPICON_NAME = AppIcon;
				DEVELOPMENT_TEAM = "";
				INFOPLIST_FILE = "$(SRCROOT)/SwiftApp/Classes/SupportingFiles/Info.plist";
				LD_RUNPATH_SEARCH_PATHS = "$(inherited) @executable_path/Frameworks";
				PRODUCT_BUNDLE_IDENTIFIER = Nemo.SwiftApp;
				PRODUCT_NAME = "$(TARGET_NAME)";
				PROVISIONING_PROFILE_SPECIFIER = "";
				SWIFT_VERSION = 5.0;
			};
			name = Debug;
		};
		BA7083611F68D705009C97B6 /* Release */ = {
			isa = XCBuildConfiguration;
			baseConfigurationReference = FBD581E35190842867350181 /* Pods-SwiftApp.release.xcconfig */;
			buildSettings = {
				ALWAYS_EMBED_SWIFT_STANDARD_LIBRARIES = "$(inherited)";
				ASSETCATALOG_COMPILER_APPICON_NAME = AppIcon;
				DEVELOPMENT_TEAM = "";
				INFOPLIST_FILE = "$(SRCROOT)/SwiftApp/Classes/SupportingFiles/Info.plist";
				LD_RUNPATH_SEARCH_PATHS = "$(inherited) @executable_path/Frameworks";
				PRODUCT_BUNDLE_IDENTIFIER = Nemo.SwiftApp;
				PRODUCT_NAME = "$(TARGET_NAME)";
				PROVISIONING_PROFILE_SPECIFIER = "";
				SWIFT_VERSION = 5.0;
			};
			name = Release;
		};
/* End XCBuildConfiguration section */

/* Begin XCConfigurationList section */
		BA7083321F68D704009C97B6 /* Build configuration list for PBXProject "SwiftApp" */ = {
			isa = XCConfigurationList;
			buildConfigurations = (
				BA70835D1F68D705009C97B6 /* Debug */,
				BA70835E1F68D705009C97B6 /* Release */,
			);
			defaultConfigurationIsVisible = 0;
			defaultConfigurationName = Release;
		};
		BA70835F1F68D705009C97B6 /* Build configuration list for PBXNativeTarget "SwiftApp" */ = {
			isa = XCConfigurationList;
			buildConfigurations = (
				BA7083601F68D705009C97B6 /* Debug */,
				BA7083611F68D705009C97B6 /* Release */,
			);
			defaultConfigurationIsVisible = 0;
			defaultConfigurationName = Release;
		};
/* End XCConfigurationList section */
	};
	rootObject = BA70832F1F68D704009C97B6 /* Project object */;
}
