// !$*UTF8*$!
{
	archiveVersion = 1;
	classes = {
	};
	objectVersion = 46;
	objects = {

/* Begin PBXBuildFile section */
		BA70833B1F68D705009C97B6 /* AppDelegate.swift in Sources */ = {isa = PBXBuildFile; fileRef = BA70833A1F68D705009C97B6 /* AppDelegate.swift */; };
		BA70833D1F68D705009C97B6 /* ViewController.swift in Sources */ = {isa = PBXBuildFile; fileRef = BA70833C1F68D705009C97B6 /* ViewController.swift */; };
		BA7083401F68D705009C97B6 /* Main.storyboard in Resources */ = {isa = PBXBuildFile; fileRef = BA70833E1F68D705009C97B6 /* Main.storyboard */; };
		BA7083421F68D705009C97B6 /* Assets.xcassets in Resources */ = {isa = PBXBuildFile; fileRef = BA7083411F68D705009C97B6 /* Assets.xcassets */; };
		BA7083451F68D705009C97B6 /* LaunchScreen.storyboard in Resources */ = {isa = PBXBuildFile; fileRef = BA7083431F68D705009C97B6 /* LaunchScreen.storyboard */; };
		BA7083501F68D705009C97B6 /* SwiftAppTests.swift in Sources */ = {isa = PBXBuildFile; fileRef = BA70834F1F68D705009C97B6 /* SwiftAppTests.swift */; };
		BA70835B1F68D705009C97B6 /* SwiftAppUITests.swift in Sources */ = {isa = PBXBuildFile; fileRef = BA70835A1F68D705009C97B6 /* SwiftAppUITests.swift */; };
		F56E1A8AD9709B1A295F33B1 /* Pods_SwiftApp.framework in Frameworks */ = {isa = PBXBuildFile; fileRef = 8AC3BD026D47223AA5311820 /* Pods_SwiftApp.framework */; };
/* End PBXBuildFile section */

/* Begin PBXContainerItemProxy section */
		BA70834C1F68D705009C97B6 /* PBXContainerItemProxy */ = {
			isa = PBXContainerItemProxy;
			containerPortal = BA70832F1F68D704009C97B6 /* Project object */;
			proxyType = 1;
			remoteGlobalIDString = BA7083361F68D705009C97B6;
			remoteInfo = SwiftApp;
		};
		BA7083571F68D705009C97B6 /* PBXContainerItemProxy */ = {
			isa = PBXContainerItemProxy;
			containerPortal = BA70832F1F68D704009C97B6 /* Project object */;
			proxyType = 1;
			remoteGlobalIDString = BA7083361F68D705009C97B6;
			remoteInfo = SwiftApp;
		};
/* End PBXContainerItemProxy section */

/* Begin PBXFileReference section */
		89252DD8A1878B64256287B2 /* Pods_SwiftAppUITests.framework */ = {isa = PBXFileReference; explicitFileType = wrapper.framework; includeInIndex = 0; path = Pods_SwiftAppUITests.framework; sourceTree = BUILT_PRODUCTS_DIR; };
		8AC3BD026D47223AA5311820 /* Pods_SwiftApp.framework */ = {isa = PBXFileReference; explicitFileType = wrapper.framework; includeInIndex = 0; path = Pods_SwiftApp.framework; sourceTree = BUILT_PRODUCTS_DIR; };
		8F2901BAC3FB9DAB81D95128 /* Pods-SwiftApp.debug.xcconfig */ = {isa = PBXFileReference; includeInIndex = 1; lastKnownFileType = text.xcconfig; name = "Pods-SwiftApp.debug.xcconfig"; path = "Pods/Target Support Files/Pods-SwiftApp/Pods-SwiftApp.debug.xcconfig"; sourceTree = "<group>"; };
		BA7083371F68D705009C97B6 /* SwiftApp.app */ = {isa = PBXFileReference; explicitFileType = wrapper.application; includeInIndex = 0; path = SwiftApp.app; sourceTree = BUILT_PRODUCTS_DIR; };
		BA70833A1F68D705009C97B6 /* AppDelegate.swift */ = {isa = PBXFileReference; lastKnownFileType = sourcecode.swift; path = AppDelegate.swift; sourceTree = "<group>"; };
		BA70833C1F68D705009C97B6 /* ViewController.swift */ = {isa = PBXFileReference; lastKnownFileType = sourcecode.swift; path = ViewController.swift; sourceTree = "<group>"; };
		BA70833F1F68D705009C97B6 /* Base */ = {isa = PBXFileReference; lastKnownFileType = file.storyboard; name = Base; path = Base.lproj/Main.storyboard; sourceTree = "<group>"; };
		BA7083411F68D705009C97B6 /* Assets.xcassets */ = {isa = PBXFileReference; lastKnownFileType = folder.assetcatalog; path = Assets.xcassets; sourceTree = "<group>"; };
		BA7083441F68D705009C97B6 /* Base */ = {isa = PBXFileReference; lastKnownFileType = file.storyboard; name = Base; path = Base.lproj/LaunchScreen.storyboard; sourceTree = "<group>"; };
		BA7083461F68D705009C97B6 /* Info.plist */ = {isa = PBXFileReference; lastKnownFileType = text.plist.xml; path = Info.plist; sourceTree = "<group>"; };
		BA70834B1F68D705009C97B6 /* SwiftAppTests.xctest */ = {isa = PBXFileReference; explicitFileType = wrapper.cfbundle; includeInIndex = 0; path = SwiftAppTests.xctest; sourceTree = BUILT_PRODUCTS_DIR; };
		BA70834F1F68D705009C97B6 /* SwiftAppTests.swift */ = {isa = PBXFileReference; lastKnownFileType = sourcecode.swift; path = SwiftAppTests.swift; sourceTree = "<group>"; };
		BA7083511F68D705009C97B6 /* Info.plist */ = {isa = PBXFileReference; lastKnownFileType = text.plist.xml; path = Info.plist; sourceTree = "<group>"; };
		BA7083561F68D705009C97B6 /* SwiftAppUITests.xctest */ = {isa = PBXFileReference; explicitFileType = wrapper.cfbundle; includeInIndex = 0; path = SwiftAppUITests.xctest; sourceTree = BUILT_PRODUCTS_DIR; };
		BA70835A1F68D705009C97B6 /* SwiftAppUITests.swift */ = {isa = PBXFileReference; lastKnownFileType = sourcecode.swift; path = SwiftAppUITests.swift; sourceTree = "<group>"; };
		BA70835C1F68D705009C97B6 /* Info.plist */ = {isa = PBXFileReference; lastKnownFileType = text.plist.xml; path = Info.plist; sourceTree = "<group>"; };
		C21485E2193082A9DC987DEE /* Pods_SwiftAppTests.framework */ = {isa = PBXFileReference; explicitFileType = wrapper.framework; includeInIndex = 0; path = Pods_SwiftAppTests.framework; sourceTree = BUILT_PRODUCTS_DIR; };
		FBD581E35190842867350181 /* Pods-SwiftApp.release.xcconfig */ = {isa = PBXFileReference; includeInIndex = 1; lastKnownFileType = text.xcconfig; name = "Pods-SwiftApp.release.xcconfig"; path = "Pods/Target Support Files/Pods-SwiftApp/Pods-SwiftApp.release.xcconfig"; sourceTree = "<group>"; };
/* End PBXFileReference section */

/* Begin PBXFrameworksBuildPhase section */
		BA7083341F68D705009C97B6 /* Frameworks */ = {
			isa = PBXFrameworksBuildPhase;
			buildActionMask = 2147483647;
			files = (
				F56E1A8AD9709B1A295F33B1 /* Pods_SwiftApp.framework in Frameworks */,
			);
			runOnlyForDeploymentPostprocessing = 0;
		};
		BA7083481F68D705009C97B6 /* Frameworks */ = {
			isa = PBXFrameworksBuildPhase;
			buildActionMask = 2147483647;
			files = (
			);
			runOnlyForDeploymentPostprocessing = 0;
		};
		BA7083531F68D705009C97B6 /* Frameworks */ = {
			isa = PBXFrameworksBuildPhase;
			buildActionMask = 2147483647;
			files = (
			);
			runOnlyForDeploymentPostprocessing = 0;
		};
/* End PBXFrameworksBuildPhase section */

/* Begin PBXGroup section */
		16B4F1E149E270509BAD0B16 /* Pods */ = {
			isa = PBXGroup;
			children = (
				8F2901BAC3FB9DAB81D95128 /* Pods-SwiftApp.debug.xcconfig */,
				FBD581E35190842867350181 /* Pods-SwiftApp.release.xcconfig */,
			);
			name = Pods;
			sourceTree = "<group>";
		};
		3EDCB668FD47916D7A1AA15B /* Frameworks */ = {
			isa = PBXGroup;
			children = (
				8AC3BD026D47223AA5311820 /* Pods_SwiftApp.framework */,
				C21485E2193082A9DC987DEE /* Pods_SwiftAppTests.framework */,
				89252DD8A1878B64256287B2 /* Pods_SwiftAppUITests.framework */,
			);
			name = Frameworks;
			sourceTree = "<group>";
		};
		BA70832E1F68D704009C97B6 = {
			isa = PBXGroup;
			children = (
				BA7083391F68D705009C97B6 /* SwiftApp */,
				BA70834E1F68D705009C97B6 /* SwiftAppTests */,
				BA7083591F68D705009C97B6 /* SwiftAppUITests */,
				BA7083381F68D705009C97B6 /* Products */,
				16B4F1E149E270509BAD0B16 /* Pods */,
				3EDCB668FD47916D7A1AA15B /* Frameworks */,
			);
			sourceTree = "<group>";
		};
		BA7083381F68D705009C97B6 /* Products */ = {
			isa = PBXGroup;
			children = (
				BA7083371F68D705009C97B6 /* SwiftApp.app */,
				BA70834B1F68D705009C97B6 /* SwiftAppTests.xctest */,
				BA7083561F68D705009C97B6 /* SwiftAppUITests.xctest */,
			);
			name = Products;
			sourceTree = "<group>";
		};
		BA7083391F68D705009C97B6 /* SwiftApp */ = {
			isa = PBXGroup;
			children = (
				BA7083681F68D900009C97B6 /* Classes */,
				BA70833A1F68D705009C97B6 /* AppDelegate.swift */,
				BA70833C1F68D705009C97B6 /* ViewController.swift */,
				BA70833E1F68D705009C97B6 /* Main.storyboard */,
				BA7083411F68D705009C97B6 /* Assets.xcassets */,
				BA7083431F68D705009C97B6 /* LaunchScreen.storyboard */,
				BA7083461F68D705009C97B6 /* Info.plist */,
			);
			path = SwiftApp;
			sourceTree = "<group>";
		};
		BA70834E1F68D705009C97B6 /* SwiftAppTests */ = {
			isa = PBXGroup;
			children = (
				BA70834F1F68D705009C97B6 /* SwiftAppTests.swift */,
				BA7083511F68D705009C97B6 /* Info.plist */,
			);
			path = SwiftAppTests;
			sourceTree = "<group>";
		};
		BA7083591F68D705009C97B6 /* SwiftAppUITests */ = {
			isa = PBXGroup;
			children = (
				BA70835A1F68D705009C97B6 /* SwiftAppUITests.swift */,
				BA70835C1F68D705009C97B6 /* Info.plist */,
			);
			path = SwiftAppUITests;
			sourceTree = "<group>";
		};
		BA7083681F68D900009C97B6 /* Classes */ = {
			isa = PBXGroup;
			children = (
				BA7083691F68D918009C97B6 /* Controller */,
			);
			path = Classes;
			sourceTree = "<group>";
		};
		BA7083691F68D918009C97B6 /* Controller */ = {
			isa = PBXGroup;
			children = (
			);
			path = Controller;
			sourceTree = "<group>";
		};
/* End PBXGroup section */

/* Begin PBXNativeTarget section */
		BA7083361F68D705009C97B6 /* SwiftApp */ = {
			isa = PBXNativeTarget;
			buildConfigurationList = BA70835F1F68D705009C97B6 /* Build configuration list for PBXNativeTarget "SwiftApp" */;
			buildPhases = (
				646D4A660E8788B0F90CA944 /* [CP] Check Pods Manifest.lock */,
				BA7083331F68D705009C97B6 /* Sources */,
				BA7083341F68D705009C97B6 /* Frameworks */,
				BA7083351F68D705009C97B6 /* Resources */,
				C83AF4136B1DF863512D6A37 /* [CP] Embed Pods Frameworks */,
				A3269E736BD81E669AE0AEFB /* [CP] Copy Pods Resources */,
			);
			buildRules = (
			);
			dependencies = (
			);
			name = SwiftApp;
			productName = SwiftApp;
			productReference = BA7083371F68D705009C97B6 /* SwiftApp.app */;
			productType = "com.apple.product-type.application";
		};
		BA70834A1F68D705009C97B6 /* SwiftAppTests */ = {
			isa = PBXNativeTarget;
			buildConfigurationList = BA7083621F68D705009C97B6 /* Build configuration list for PBXNativeTarget "SwiftAppTests" */;
			buildPhases = (
				BA7083471F68D705009C97B6 /* Sources */,
				BA7083481F68D705009C97B6 /* Frameworks */,
				BA7083491F68D705009C97B6 /* Resources */,
			);
			buildRules = (
			);
			dependencies = (
				BA70834D1F68D705009C97B6 /* PBXTargetDependency */,
			);
			name = SwiftAppTests;
			productName = SwiftAppTests;
			productReference = BA70834B1F68D705009C97B6 /* SwiftAppTests.xctest */;
			productType = "com.apple.product-type.bundle.unit-test";
		};
		BA7083551F68D705009C97B6 /* SwiftAppUITests */ = {
			isa = PBXNativeTarget;
			buildConfigurationList = BA7083651F68D705009C97B6 /* Build configuration list for PBXNativeTarget "SwiftAppUITests" */;
			buildPhases = (
				BA7083521F68D705009C97B6 /* Sources */,
				BA7083531F68D705009C97B6 /* Frameworks */,
				BA7083541F68D705009C97B6 /* Resources */,
			);
			buildRules = (
			);
			dependencies = (
				BA7083581F68D705009C97B6 /* PBXTargetDependency */,
			);
			name = SwiftAppUITests;
			productName = SwiftAppUITests;
			productReference = BA7083561F68D705009C97B6 /* SwiftAppUITests.xctest */;
			productType = "com.apple.product-type.bundle.ui-testing";
		};
/* End PBXNativeTarget section */

/* Begin PBXProject section */
		BA70832F1F68D704009C97B6 /* Project object */ = {
			isa = PBXProject;
			attributes = {
				LastSwiftUpdateCheck = 0830;
				LastUpgradeCheck = 0830;
				ORGANIZATIONNAME = Nemo;
				TargetAttributes = {
					BA7083361F68D705009C97B6 = {
						CreatedOnToolsVersion = 8.3.3;
						ProvisioningStyle = Automatic;
					};
					BA70834A1F68D705009C97B6 = {
						CreatedOnToolsVersion = 8.3.3;
						ProvisioningStyle = Automatic;
						TestTargetID = BA7083361F68D705009C97B6;
					};
					BA7083551F68D705009C97B6 = {
						CreatedOnToolsVersion = 8.3.3;
						ProvisioningStyle = Automatic;
						TestTargetID = BA7083361F68D705009C97B6;
					};
				};
			};
			buildConfigurationList = BA7083321F68D704009C97B6 /* Build configuration list for PBXProject "SwiftApp" */;
			compatibilityVersion = "Xcode 3.2";
			developmentRegion = English;
			hasScannedForEncodings = 0;
			knownRegions = (
				en,
				Base,
			);
			mainGroup = BA70832E1F68D704009C97B6;
			productRefGroup = BA7083381F68D705009C97B6 /* Products */;
			projectDirPath = "";
			projectRoot = "";
			targets = (
				BA7083361F68D705009C97B6 /* SwiftApp */,
				BA70834A1F68D705009C97B6 /* SwiftAppTests */,
				BA7083551F68D705009C97B6 /* SwiftAppUITests */,
			);
		};
/* End PBXProject section */

/* Begin PBXResourcesBuildPhase section */
		BA7083351F68D705009C97B6 /* Resources */ = {
			isa = PBXResourcesBuildPhase;
			buildActionMask = 2147483647;
			files = (
				BA7083451F68D705009C97B6 /* LaunchScreen.storyboard in Resources */,
				BA7083421F68D705009C97B6 /* Assets.xcassets in Resources */,
				BA7083401F68D705009C97B6 /* Main.storyboard in Resources */,
			);
			runOnlyForDeploymentPostprocessing = 0;
		};
		BA7083491F68D705009C97B6 /* Resources */ = {
			isa = PBXResourcesBuildPhase;
			buildActionMask = 2147483647;
			files = (
			);
			runOnlyForDeploymentPostprocessing = 0;
		};
		BA7083541F68D705009C97B6 /* Resources */ = {
			isa = PBXResourcesBuildPhase;
			buildActionMask = 2147483647;
			files = (
			);
			runOnlyForDeploymentPostprocessing = 0;
		};
/* End PBXResourcesBuildPhase section */

/* Begin PBXShellScriptBuildPhase section */
		646D4A660E8788B0F90CA944 /* [CP] Check Pods Manifest.lock */ = {
			isa = PBXShellScriptBuildPhase;
			buildActionMask = 2147483647;
			files = (
			);
			inputPaths = (
			);
			name = "[CP] Check Pods Manifest.lock";
			outputPaths = (
			);
			runOnlyForDeploymentPostprocessing = 0;
			shellPath = /bin/sh;
			shellScript = "diff \"${PODS_ROOT}/../Podfile.lock\" \"${PODS_ROOT}/Manifest.lock\" > /dev/null\nif [ $? != 0 ] ; then\n    # print error to STDERR\n    echo \"error: The sandbox is not in sync with the Podfile.lock. Run 'pod install' or update your CocoaPods installation.\" >&2\n    exit 1\nfi\n";
			showEnvVarsInLog = 0;
		};
		A3269E736BD81E669AE0AEFB /* [CP] Copy Pods Resources */ = {
			isa = PBXShellScriptBuildPhase;
			buildActionMask = 2147483647;
			files = (
			);
			inputPaths = (
			);
			name = "[CP] Copy Pods Resources";
			outputPaths = (
			);
			runOnlyForDeploymentPostprocessing = 0;
			shellPath = /bin/sh;
			shellScript = "\"${SRCROOT}/Pods/Target Support Files/Pods-SwiftApp/Pods-SwiftApp-resources.sh\"\n";
			showEnvVarsInLog = 0;
		};
		C83AF4136B1DF863512D6A37 /* [CP] Embed Pods Frameworks */ = {
			isa = PBXShellScriptBuildPhase;
			buildActionMask = 2147483647;
			files = (
			);
			inputPaths = (
			);
			name = "[CP] Embed Pods Frameworks";
			outputPaths = (
			);
			runOnlyForDeploymentPostprocessing = 0;
			shellPath = /bin/sh;
			shellScript = "\"${SRCROOT}/Pods/Target Support Files/Pods-SwiftApp/Pods-SwiftApp-frameworks.sh\"\n";
			showEnvVarsInLog = 0;
		};
/* End PBXShellScriptBuildPhase section */

/* Begin PBXSourcesBuildPhase section */
		BA7083331F68D705009C97B6 /* Sources */ = {
			isa = PBXSourcesBuildPhase;
			buildActionMask = 2147483647;
			files = (
				BA70833D1F68D705009C97B6 /* ViewController.swift in Sources */,
				BA70833B1F68D705009C97B6 /* AppDelegate.swift in Sources */,
			);
			runOnlyForDeploymentPostprocessing = 0;
		};
		BA7083471F68D705009C97B6 /* Sources */ = {
			isa = PBXSourcesBuildPhase;
			buildActionMask = 2147483647;
			files = (
				BA7083501F68D705009C97B6 /* SwiftAppTests.swift in Sources */,
			);
			runOnlyForDeploymentPostprocessing = 0;
		};
		BA7083521F68D705009C97B6 /* Sources */ = {
			isa = PBXSourcesBuildPhase;
			buildActionMask = 2147483647;
			files = (
				BA70835B1F68D705009C97B6 /* SwiftAppUITests.swift in Sources */,
			);
			runOnlyForDeploymentPostprocessing = 0;
		};
/* End PBXSourcesBuildPhase section */

/* Begin PBXTargetDependency section */
		BA70834D1F68D705009C97B6 /* PBXTargetDependency */ = {
			isa = PBXTargetDependency;
			target = BA7083361F68D705009C97B6 /* SwiftApp */;
			targetProxy = BA70834C1F68D705009C97B6 /* PBXContainerItemProxy */;
		};
		BA7083581F68D705009C97B6 /* PBXTargetDependency */ = {
			isa = PBXTargetDependency;
			target = BA7083361F68D705009C97B6 /* SwiftApp */;
			targetProxy = BA7083571F68D705009C97B6 /* PBXContainerItemProxy */;
		};
/* End PBXTargetDependency section */

/* Begin PBXVariantGroup section */
		BA70833E1F68D705009C97B6 /* Main.storyboard */ = {
			isa = PBXVariantGroup;
			children = (
				BA70833F1F68D705009C97B6 /* Base */,
			);
			name = Main.storyboard;
			sourceTree = "<group>";
		};
		BA7083431F68D705009C97B6 /* LaunchScreen.storyboard */ = {
			isa = PBXVariantGroup;
			children = (
				BA7083441F68D705009C97B6 /* Base */,
			);
			name = LaunchScreen.storyboard;
			sourceTree = "<group>";
		};
/* End PBXVariantGroup section */

/* Begin XCBuildConfiguration section */
		BA70835D1F68D705009C97B6 /* Debug */ = {
			isa = XCBuildConfiguration;
			buildSettings = {
				ALWAYS_SEARCH_USER_PATHS = NO;
				CLANG_ANALYZER_NONNULL = YES;
				CLANG_ANALYZER_NUMBER_OBJECT_CONVERSION = YES_AGGRESSIVE;
				CLANG_CXX_LANGUAGE_STANDARD = "gnu++0x";
				CLANG_CXX_LIBRARY = "libc++";
				CLANG_ENABLE_MODULES = YES;
				CLANG_ENABLE_OBJC_ARC = YES;
				CLANG_WARN_BOOL_CONVERSION = YES;
				CLANG_WARN_CONSTANT_CONVERSION = YES;
				CLANG_WARN_DIRECT_OBJC_ISA_USAGE = YES_ERROR;
				CLANG_WARN_DOCUMENTATION_COMMENTS = YES;
				CLANG_WARN_EMPTY_BODY = YES;
				CLANG_WARN_ENUM_CONVERSION = YES;
				CLANG_WARN_INFINITE_RECURSION = YES;
				CLANG_WARN_INT_CONVERSION = YES;
				CLANG_WARN_OBJC_ROOT_CLASS = YES_ERROR;
				CLANG_WARN_SUSPICIOUS_MOVE = YES;
				CLANG_WARN_UNREACHABLE_CODE = YES;
				CLANG_WARN__DUPLICATE_METHOD_MATCH = YES;
				"CODE_SIGN_IDENTITY[sdk=iphoneos*]" = "iPhone Developer";
				COPY_PHASE_STRIP = NO;
				DEBUG_INFORMATION_FORMAT = dwarf;
				ENABLE_STRICT_OBJC_MSGSEND = YES;
				ENABLE_TESTABILITY = YES;
				GCC_C_LANGUAGE_STANDARD = gnu99;
				GCC_DYNAMIC_NO_PIC = NO;
				GCC_NO_COMMON_BLOCKS = YES;
				GCC_OPTIMIZATION_LEVEL = 0;
				GCC_PREPROCESSOR_DEFINITIONS = (
					"DEBUG=1",
					"$(inherited)",
				);
				GCC_WARN_64_TO_32_BIT_CONVERSION = YES;
				GCC_WARN_ABOUT_RETURN_TYPE = YES_ERROR;
				GCC_WARN_UNDECLARED_SELECTOR = YES;
				GCC_WARN_UNINITIALIZED_AUTOS = YES_AGGRESSIVE;
				GCC_WARN_UNUSED_FUNCTION = YES;
				GCC_WARN_UNUSED_VARIABLE = YES;
				IPHONEOS_DEPLOYMENT_TARGET = 10.3;
				MTL_ENABLE_DEBUG_INFO = YES;
				ONLY_ACTIVE_ARCH = YES;
				SDKROOT = iphoneos;
				SWIFT_ACTIVE_COMPILATION_CONDITIONS = DEBUG;
				SWIFT_OPTIMIZATION_LEVEL = "-Onone";
				TARGETED_DEVICE_FAMILY = "1,2";
			};
			name = Debug;
		};
		BA70835E1F68D705009C97B6 /* Release */ = {
			isa = XCBuildConfiguration;
			buildSettings = {
				ALWAYS_SEARCH_USER_PATHS = NO;
				CLANG_ANALYZER_NONNULL = YES;
				CLANG_ANALYZER_NUMBER_OBJECT_CONVERSION = YES_AGGRESSIVE;
				CLANG_CXX_LANGUAGE_STANDARD = "gnu++0x";
				CLANG_CXX_LIBRARY = "libc++";
				CLANG_ENABLE_MODULES = YES;
				CLANG_ENABLE_OBJC_ARC = YES;
				CLANG_WARN_BOOL_CONVERSION = YES;
				CLANG_WARN_CONSTANT_CONVERSION = YES;
				CLANG_WARN_DIRECT_OBJC_ISA_USAGE = YES_ERROR;
				CLANG_WARN_DOCUMENTATION_COMMENTS = YES;
				CLANG_WARN_EMPTY_BODY = YES;
				CLANG_WARN_ENUM_CONVERSION = YES;
				CLANG_WARN_INFINITE_RECURSION = YES;
				CLANG_WARN_INT_CONVERSION = YES;
				CLANG_WARN_OBJC_ROOT_CLASS = YES_ERROR;
				CLANG_WARN_SUSPICIOUS_MOVE = YES;
				CLANG_WARN_UNREACHABLE_CODE = YES;
				CLANG_WARN__DUPLICATE_METHOD_MATCH = YES;
				"CODE_SIGN_IDENTITY[sdk=iphoneos*]" = "iPhone Developer";
				COPY_PHASE_STRIP = NO;
				DEBUG_INFORMATION_FORMAT = "dwarf-with-dsym";
				ENABLE_NS_ASSERTIONS = NO;
				ENABLE_STRICT_OBJC_MSGSEND = YES;
				GCC_C_LANGUAGE_STANDARD = gnu99;
				GCC_NO_COMMON_BLOCKS = YES;
				GCC_WARN_64_TO_32_BIT_CONVERSION = YES;
				GCC_WARN_ABOUT_RETURN_TYPE = YES_ERROR;
				GCC_WARN_UNDECLARED_SELECTOR = YES;
				GCC_WARN_UNINITIALIZED_AUTOS = YES_AGGRESSIVE;
				GCC_WARN_UNUSED_FUNCTION = YES;
				GCC_WARN_UNUSED_VARIABLE = YES;
				IPHONEOS_DEPLOYMENT_TARGET = 10.3;
				MTL_ENABLE_DEBUG_INFO = NO;
				SDKROOT = iphoneos;
				SWIFT_OPTIMIZATION_LEVEL = "-Owholemodule";
				TARGETED_DEVICE_FAMILY = "1,2";
				VALIDATE_PRODUCT = YES;
			};
			name = Release;
		};
		BA7083601F68D705009C97B6 /* Debug */ = {
			isa = XCBuildConfiguration;
			baseConfigurationReference = 8F2901BAC3FB9DAB81D95128 /* Pods-SwiftApp.debug.xcconfig */;
			buildSettings = {
				ASSETCATALOG_COMPILER_APPICON_NAME = AppIcon;
				INFOPLIST_FILE = SwiftApp/Info.plist;
				LD_RUNPATH_SEARCH_PATHS = "$(inherited) @executable_path/Frameworks";
				PRODUCT_BUNDLE_IDENTIFIER = Nemo.SwiftApp;
				PRODUCT_NAME = "$(TARGET_NAME)";
				SWIFT_VERSION = 3.0;
			};
			name = Debug;
		};
		BA7083611F68D705009C97B6 /* Release */ = {
			isa = XCBuildConfiguration;
			baseConfigurationReference = FBD581E35190842867350181 /* Pods-SwiftApp.release.xcconfig */;
			buildSettings = {
				ASSETCATALOG_COMPILER_APPICON_NAME = AppIcon;
				INFOPLIST_FILE = SwiftApp/Info.plist;
				LD_RUNPATH_SEARCH_PATHS = "$(inherited) @executable_path/Frameworks";
				PRODUCT_BUNDLE_IDENTIFIER = Nemo.SwiftApp;
				PRODUCT_NAME = "$(TARGET_NAME)";
				SWIFT_VERSION = 3.0;
			};
			name = Release;
		};
		BA7083631F68D705009C97B6 /* Debug */ = {
			isa = XCBuildConfiguration;
			buildSettings = {
				ALWAYS_EMBED_SWIFT_STANDARD_LIBRARIES = YES;
				BUNDLE_LOADER = "$(TEST_HOST)";
				INFOPLIST_FILE = SwiftAppTests/Info.plist;
				LD_RUNPATH_SEARCH_PATHS = "$(inherited) @executable_path/Frameworks @loader_path/Frameworks";
				PRODUCT_BUNDLE_IDENTIFIER = Nemo.SwiftAppTests;
				PRODUCT_NAME = "$(TARGET_NAME)";
				SWIFT_VERSION = 3.0;
				TEST_HOST = "$(BUILT_PRODUCTS_DIR)/SwiftApp.app/SwiftApp";
			};
			name = Debug;
		};
		BA7083641F68D705009C97B6 /* Release */ = {
			isa = XCBuildConfiguration;
			buildSettings = {
				ALWAYS_EMBED_SWIFT_STANDARD_LIBRARIES = YES;
				BUNDLE_LOADER = "$(TEST_HOST)";
				INFOPLIST_FILE = SwiftAppTests/Info.plist;
				LD_RUNPATH_SEARCH_PATHS = "$(inherited) @executable_path/Frameworks @loader_path/Frameworks";
				PRODUCT_BUNDLE_IDENTIFIER = Nemo.SwiftAppTests;
				PRODUCT_NAME = "$(TARGET_NAME)";
				SWIFT_VERSION = 3.0;
				TEST_HOST = "$(BUILT_PRODUCTS_DIR)/SwiftApp.app/SwiftApp";
			};
			name = Release;
		};
		BA7083661F68D705009C97B6 /* Debug */ = {
			isa = XCBuildConfiguration;
			buildSettings = {
				ALWAYS_EMBED_SWIFT_STANDARD_LIBRARIES = YES;
				INFOPLIST_FILE = SwiftAppUITests/Info.plist;
				LD_RUNPATH_SEARCH_PATHS = "$(inherited) @executable_path/Frameworks @loader_path/Frameworks";
				PRODUCT_BUNDLE_IDENTIFIER = Nemo.SwiftAppUITests;
				PRODUCT_NAME = "$(TARGET_NAME)";
				SWIFT_VERSION = 3.0;
				TEST_TARGET_NAME = SwiftApp;
			};
			name = Debug;
		};
		BA7083671F68D705009C97B6 /* Release */ = {
			isa = XCBuildConfiguration;
			buildSettings = {
				ALWAYS_EMBED_SWIFT_STANDARD_LIBRARIES = YES;
				INFOPLIST_FILE = SwiftAppUITests/Info.plist;
				LD_RUNPATH_SEARCH_PATHS = "$(inherited) @executable_path/Frameworks @loader_path/Frameworks";
				PRODUCT_BUNDLE_IDENTIFIER = Nemo.SwiftAppUITests;
				PRODUCT_NAME = "$(TARGET_NAME)";
				SWIFT_VERSION = 3.0;
				TEST_TARGET_NAME = SwiftApp;
			};
			name = Release;
		};
/* End XCBuildConfiguration section */

/* Begin XCConfigurationList section */
		BA7083321F68D704009C97B6 /* Build configuration list for PBXProject "SwiftApp" */ = {
			isa = XCConfigurationList;
			buildConfigurations = (
				BA70835D1F68D705009C97B6 /* Debug */,
				BA70835E1F68D705009C97B6 /* Release */,
			);
			defaultConfigurationIsVisible = 0;
			defaultConfigurationName = Release;
		};
		BA70835F1F68D705009C97B6 /* Build configuration list for PBXNativeTarget "SwiftApp" */ = {
			isa = XCConfigurationList;
			buildConfigurations = (
				BA7083601F68D705009C97B6 /* Debug */,
				BA7083611F68D705009C97B6 /* Release */,
			);
			defaultConfigurationIsVisible = 0;
			defaultConfigurationName = Release;
		};
		BA7083621F68D705009C97B6 /* Build configuration list for PBXNativeTarget "SwiftAppTests" */ = {
			isa = XCConfigurationList;
			buildConfigurations = (
				BA7083631F68D705009C97B6 /* Debug */,
				BA7083641F68D705009C97B6 /* Release */,
			);
			defaultConfigurationIsVisible = 0;
			defaultConfigurationName = Release;
		};
		BA7083651F68D705009C97B6 /* Build configuration list for PBXNativeTarget "SwiftAppUITests" */ = {
			isa = XCConfigurationList;
			buildConfigurations = (
				BA7083661F68D705009C97B6 /* Debug */,
				BA7083671F68D705009C97B6 /* Release */,
			);
			defaultConfigurationIsVisible = 0;
			defaultConfigurationName = Release;
		};
/* End XCConfigurationList section */
	};
	rootObject = BA70832F1F68D704009C97B6 /* Project object */;
}
